{
  "originHash" : "75da13b63b6a2b2de7a820db246293cd5f45920719758cd34d35107376167c86",
  "pins" : [
    {
      "identity" : "factory",
      "kind" : "remoteSourceControl",
      "location" : "https://github.com/hmlongco/Factory",
      "state" : {
        "revision" : "587995f7d5cc667951d635fbf6b4252324ba0439",
        "version" : "2.3.2"
      }
    },
    {
      "identity" : "govuk-mobile-ios-ui-components",
      "kind" : "remoteSourceControl",
      "location" : "https://github.com/alphagov/govuk-mobile-ios-ui-components",
      "state" : {
        "branch" : "develop",
        "revision" : "cdeda563886e92f0b9187b2a6448162c6db7b72a"
      }
    }
  ],
  "version" : 3
}
