// !$*UTF8*$!
{
	archiveVersion = 1;
	classes = {
	};
	objectVersion = 56;
	objects = {

/* Begin PBXBuildFile section */
		5D0278372C29CB5800F2A4EB /* Lottie in Frameworks */ = {isa = PBXBuildFile; productRef = 5D0278362C29CB5800F2A4EB /* Lottie */; };
		5D0B02032C81A7E90013A410 /* Onboarding in Frameworks */ = {isa = PBXBuildFile; productRef = 5D0B02022C81A7E90013A410 /* Onboarding */; };
		5D26A75E2C92CCA8009902DD /* Onboarding in Frameworks */ = {isa = PBXBuildFile; productRef = 5D4E255A2C821BCE00FD9A28 /* Onboarding */; };
		5D4B9D3E2C074227005F126A /* iOSSnapshotTestCase in Frameworks */ = {isa = PBXBuildFile; productRef = 5D4B9D3D2C074227005F126A /* iOSSnapshotTestCase */; };
		5D4B9D3F2C074227005F126A /* iOSSnapshotTestCase in Embed Frameworks */ = {isa = PBXBuildFile; productRef = 5D4B9D3D2C074227005F126A /* iOSSnapshotTestCase */; settings = {ATTRIBUTES = (CodeSignOnCopy, ); }; };
		5D7F267E2C0F0EF000842090 /* Factory in Frameworks */ = {isa = PBXBuildFile; productRef = 5D7F267D2C0F0EF000842090 /* Factory */; };
		5DC250602C91D395009E9E7F /* FirebaseAnalyticsWithoutAdIdSupport in Frameworks */ = {isa = PBXBuildFile; productRef = 5DC2505F2C91D395009E9E7F /* FirebaseAnalyticsWithoutAdIdSupport */; };
		5DC250622C91D395009E9E7F /* FirebaseCrashlytics in Frameworks */ = {isa = PBXBuildFile; productRef = 5DC250612C91D395009E9E7F /* FirebaseCrashlytics */; };
/* End PBXBuildFile section */

/* Begin PBXContainerItemProxy section */
		5D4B9D382C074207005F126A /* PBXContainerItemProxy */ = {
			isa = PBXContainerItemProxy;
			containerPortal = 5DAD716C2BD250DA0075F648 /* Project object */;
			proxyType = 1;
			remoteGlobalIDString = 5DAD71732BD250DB0075F648;
			remoteInfo = govuk_ios;
		};
		5DAD718B2BD250DF0075F648 /* PBXContainerItemProxy */ = {
			isa = PBXContainerItemProxy;
			containerPortal = 5DAD716C2BD250DA0075F648 /* Project object */;
			proxyType = 1;
			remoteGlobalIDString = 5DAD71732BD250DB0075F648;
			remoteInfo = GovUK;
		};
		5DAD71952BD250DF0075F648 /* PBXContainerItemProxy */ = {
			isa = PBXContainerItemProxy;
			containerPortal = 5DAD716C2BD250DA0075F648 /* Project object */;
			proxyType = 1;
			remoteGlobalIDString = 5DAD71732BD250DB0075F648;
			remoteInfo = GovUK;
		};
/* End PBXContainerItemProxy section */

/* Begin PBXCopyFilesBuildPhase section */
		5D4B9D402C074227005F126A /* Embed Frameworks */ = {
			isa = PBXCopyFilesBuildPhase;
			buildActionMask = 2147483647;
			dstPath = "";
			dstSubfolderSpec = 10;
			files = (
				5D4B9D3F2C074227005F126A /* iOSSnapshotTestCase in Embed Frameworks */,
			);
			name = "Embed Frameworks";
			runOnlyForDeploymentPostprocessing = 0;
		};
/* End PBXCopyFilesBuildPhase section */

/* Begin PBXFileReference section */
		5D4B9D342C074207005F126A /* govuk_ios_snapshot_tests.xctest */ = {isa = PBXFileReference; explicitFileType = wrapper.cfbundle; includeInIndex = 0; path = govuk_ios_snapshot_tests.xctest; sourceTree = BUILT_PRODUCTS_DIR; };
		5DAD71742BD250DB0075F648 /* govuk_ios.app */ = {isa = PBXFileReference; explicitFileType = wrapper.application; includeInIndex = 0; path = govuk_ios.app; sourceTree = BUILT_PRODUCTS_DIR; };
		5DAD718A2BD250DF0075F648 /* govuk_ios_unit_tests.xctest */ = {isa = PBXFileReference; explicitFileType = wrapper.cfbundle; includeInIndex = 0; path = govuk_ios_unit_tests.xctest; sourceTree = BUILT_PRODUCTS_DIR; };
		5DAD71942BD250DF0075F648 /* govuk_ios_ui_tests.xctest */ = {isa = PBXFileReference; explicitFileType = wrapper.cfbundle; includeInIndex = 0; path = govuk_ios_ui_tests.xctest; sourceTree = BUILT_PRODUCTS_DIR; };
/* End PBXFileReference section */

/* Begin PBXFileSystemSynchronizedBuildFileExceptionSet section */
		5D939DEB2CB0078200D69D79 /* PBXFileSystemSynchronizedBuildFileExceptionSet */ = {
			isa = PBXFileSystemSynchronizedBuildFileExceptionSet;
			membershipExceptions = (
				govuk_ios/SupportingFiles/Info.plist,
			);
			target = 5DAD71732BD250DB0075F648 /* govuk_ios */;
		};
		5D93A1EF2CB0082900D69D79 /* PBXFileSystemSynchronizedBuildFileExceptionSet */ = {
			isa = PBXFileSystemSynchronizedBuildFileExceptionSet;
			membershipExceptions = (
				govuk_ios/govuk_ios_unit_tests/Resources/MockAppConfigResponse.json,
				govuk_ios/govuk_ios_unit_tests/Resources/MockAppConfigResponseInvalid.json,
				govuk_ios/govuk_ios_unit_tests/Resources/MockAppConfigResponseInvalidSig.json,
			);
			target = 5DAD71732BD250DB0075F648 /* govuk_ios */;
		};
		5D93A1F02CB0082900D69D79 /* PBXFileSystemSynchronizedBuildFileExceptionSet */ = {
			isa = PBXFileSystemSynchronizedBuildFileExceptionSet;
			membershipExceptions = (
				govuk_ios/govuk_ios_snapshot_tests/Helpers/SnapshotTestCase.swift,
				"govuk_ios/govuk_ios_snapshot_tests/ReferenceImages_64/govuk_ios_snapshot_tests.AnalyticsConsentViewControllerSnapshotTests/test_loadInNavigationController_dark_rendersCorrectly@3x.png",
				"govuk_ios/govuk_ios_snapshot_tests/ReferenceImages_64/govuk_ios_snapshot_tests.AnalyticsConsentViewControllerSnapshotTests/test_loadInNavigationController_light_rendersCorrectly@3x.png",
				"govuk_ios/govuk_ios_snapshot_tests/ReferenceImages_64/govuk_ios_snapshot_tests.AppUnavailableViewControllerSnapshotTests/test_loadInNavigationController_dark_rendersCorrectly@3x.png",
				"govuk_ios/govuk_ios_snapshot_tests/ReferenceImages_64/govuk_ios_snapshot_tests.AppUnavailableViewControllerSnapshotTests/test_loadInNavigationController_light_rendersCorrectly@3x.png",
				"govuk_ios/govuk_ios_snapshot_tests/ReferenceImages_64/govuk_ios_snapshot_tests.HomeViewControllerSnapshotTests/test_loadInNavigationController_dark_rendersCorrectly@3x.png",
				"govuk_ios/govuk_ios_snapshot_tests/ReferenceImages_64/govuk_ios_snapshot_tests.HomeViewControllerSnapshotTests/test_loadInNavigationController_light_rendersCorrectly@3x.png",
				"govuk_ios/govuk_ios_snapshot_tests/ReferenceImages_64/govuk_ios_snapshot_tests.HostingViewControllerSnapshotTests/test_loadInNavigationController_hiddenNavbar_light_rendersCorrectly@3x.png",
				"govuk_ios/govuk_ios_snapshot_tests/ReferenceImages_64/govuk_ios_snapshot_tests.HostingViewControllerSnapshotTests/test_loadInNavigationController_showNavbar_light_rendersCorrectly@3x.png",
				"govuk_ios/govuk_ios_snapshot_tests/ReferenceImages_64/govuk_ios_snapshot_tests.LaunchViewControllerSnapshotTests/test_loadInNavigationController_rendersCorrectly@3x.png",
				"govuk_ios/govuk_ios_snapshot_tests/ReferenceImages_64/govuk_ios_snapshot_tests.RecentActivityContainerViewSnapshotTests/test_loadInNavigationController_dark_errorView_rendersCorrectly@3x.png",
				"govuk_ios/govuk_ios_snapshot_tests/ReferenceImages_64/govuk_ios_snapshot_tests.RecentActivityContainerViewSnapshotTests/test_loadInNavigationController_dark_rendersCorrectly@3x.png",
				"govuk_ios/govuk_ios_snapshot_tests/ReferenceImages_64/govuk_ios_snapshot_tests.RecentActivityContainerViewSnapshotTests/test_loadInNavigationController_light_errorView_rendersCorrectly@3x.png",
				"govuk_ios/govuk_ios_snapshot_tests/ReferenceImages_64/govuk_ios_snapshot_tests.RecentActivityContainerViewSnapshotTests/test_loadInNavigationController_light_rendersCorrectly@3x.png",
				"govuk_ios/govuk_ios_snapshot_tests/ReferenceImages_64/govuk_ios_snapshot_tests.SearchViewControllerSnapshotTests/test_loadInNavigationController_dark_rendersCorrectly@3x.png",
				"govuk_ios/govuk_ios_snapshot_tests/ReferenceImages_64/govuk_ios_snapshot_tests.SearchViewControllerSnapshotTests/test_loadInNavigationController_light_rendersCorrectly@3x.png",
				"govuk_ios/govuk_ios_snapshot_tests/ReferenceImages_64/govuk_ios_snapshot_tests.SearchViewControllerSnapshotTests/test_search_failureResponse_genericError_rendersCorrectly@3x.png",
				"govuk_ios/govuk_ios_snapshot_tests/ReferenceImages_64/govuk_ios_snapshot_tests.SearchViewControllerSnapshotTests/test_search_failureResponse_networkUnavailable_rendersCorrectly@3x.png",
				"govuk_ios/govuk_ios_snapshot_tests/ReferenceImages_64/govuk_ios_snapshot_tests.SearchViewControllerSnapshotTests/test_search_successResponse_noResults_rendersCorrectly@3x.png",
				"govuk_ios/govuk_ios_snapshot_tests/ReferenceImages_64/govuk_ios_snapshot_tests.SearchViewControllerSnapshotTests/test_search_successResponse_withResults_rendersCorrectly@3x.png",
				"govuk_ios/govuk_ios_snapshot_tests/ReferenceImages_64/govuk_ios_snapshot_tests.SettingsViewControllerSnapshotTests/test_loadInNavigationController_dark_rendersCorrectly@3x.png",
				"govuk_ios/govuk_ios_snapshot_tests/ReferenceImages_64/govuk_ios_snapshot_tests.SettingsViewControllerSnapshotTests/test_loadInNavigationController_light_rendersCorrectly@3x.png",
				"govuk_ios/govuk_ios_snapshot_tests/ReferenceImages_64/govuk_ios_snapshot_tests.SettingsViewControllerSnapshotTests/test_loadInNavigationController_preview_rendersCorrectly@3x.png",
				govuk_ios/govuk_ios_snapshot_tests/Specs/ViewControllers/AnalyticsConsentViewControllerSnapshotTests.swift,
				govuk_ios/govuk_ios_snapshot_tests/Specs/ViewControllers/AppUnavailableViewControllerSnapshotTests.swift,
				govuk_ios/govuk_ios_snapshot_tests/Specs/ViewControllers/HomeViewControllerSnapshotTests.swift,
				govuk_ios/govuk_ios_snapshot_tests/Specs/ViewControllers/HostingViewControllerSnapshotTests.swift,
				govuk_ios/govuk_ios_snapshot_tests/Specs/ViewControllers/LaunchViewControllerSnapshotTests.swift,
				govuk_ios/govuk_ios_snapshot_tests/Specs/ViewControllers/RecentActivityContainerViewSnapshotTests.swift,
				govuk_ios/govuk_ios_snapshot_tests/Specs/ViewControllers/SearchViewControllerSnapshotTests.swift,
				govuk_ios/govuk_ios_snapshot_tests/Specs/ViewControllers/SettingsViewControllerSnapshotTests.swift,
				govuk_ios/govuk_ios_ui_tests/GovUKUITests.swift,
				govuk_ios/govuk_ios_ui_tests/GovUKUITestsLaunchTests.swift,
				govuk_ios/govuk_ios_unit_tests/Resources/MockAppConfigResponse.json,
				govuk_ios/govuk_ios_unit_tests/Resources/MockAppConfigResponseInvalid.json,
				govuk_ios/govuk_ios_unit_tests/Resources/MockAppConfigResponseInvalidSig.json,
				GovUK.xctestplan,
			);
			target = 5DAD71892BD250DF0075F648 /* govuk_ios_unit_tests */;
		};
		5D93A1F12CB0082900D69D79 /* PBXFileSystemSynchronizedBuildFileExceptionSet */ = {
			isa = PBXFileSystemSynchronizedBuildFileExceptionSet;
			membershipExceptions = (
				govuk_ios/govuk_ios_snapshot_tests/Helpers/SnapshotTestCase.swift,
				govuk_ios/govuk_ios_snapshot_tests/Specs/ViewControllers/AnalyticsConsentViewControllerSnapshotTests.swift,
				govuk_ios/govuk_ios_snapshot_tests/Specs/ViewControllers/AppUnavailableViewControllerSnapshotTests.swift,
				govuk_ios/govuk_ios_snapshot_tests/Specs/ViewControllers/HomeViewControllerSnapshotTests.swift,
				govuk_ios/govuk_ios_snapshot_tests/Specs/ViewControllers/HostingViewControllerSnapshotTests.swift,
				govuk_ios/govuk_ios_snapshot_tests/Specs/ViewControllers/LaunchViewControllerSnapshotTests.swift,
				govuk_ios/govuk_ios_snapshot_tests/Specs/ViewControllers/RecentActivityContainerViewSnapshotTests.swift,
				govuk_ios/govuk_ios_snapshot_tests/Specs/ViewControllers/SearchViewControllerSnapshotTests.swift,
				govuk_ios/govuk_ios_snapshot_tests/Specs/ViewControllers/SettingsViewControllerSnapshotTests.swift,
				"govuk_ios/shared/Arrangers/Foundation/Date+Arrangers.swift",
				"govuk_ios/shared/Arrangers/Model/SearchItem+Arrangers.swift",
				"govuk_ios/shared/Arrangers/Repositories/CoreDataRepository+Arrangers.swift",
				"govuk_ios/shared/Extensions/Bundle+Tests.swift",
				govuk_ios/shared/Mocks/MockAccessibilityManager.swift,
				govuk_ios/shared/Mocks/MockURLOpener.swift,
				govuk_ios/shared/Mocks/Services/MockActivityService.swift,
				govuk_ios/shared/Mocks/Services/MockAnalyticsService.swift,
				govuk_ios/shared/Mocks/Services/MockAppConfigService.swift,
				govuk_ios/shared/Mocks/Services/MockSearchService.swift,
				govuk_ios/shared/Mocks/Services/MockTopicsService.swift,
			);
			target = 5D4B9D332C074207005F126A /* govuk_ios_snapshot_tests */;
		};
		5D93A1F22CB0082900D69D79 /* PBXFileSystemSynchronizedBuildFileExceptionSet */ = {
			isa = PBXFileSystemSynchronizedBuildFileExceptionSet;
			membershipExceptions = (
				govuk_ios/govuk_ios_ui_tests/GovUKUITests.swift,
				govuk_ios/govuk_ios_ui_tests/GovUKUITestsLaunchTests.swift,
			);
			target = 5DAD71932BD250DF0075F648 /* govuk_ios_ui_tests */;
		};
/* End PBXFileSystemSynchronizedBuildFileExceptionSet section */

/* Begin PBXFileSystemSynchronizedRootGroup section */
		5D939D512CB0078100D69D79 /* Production */ = {isa = PBXFileSystemSynchronizedRootGroup; exceptions = (5D939DEB2CB0078200D69D79 /* PBXFileSystemSynchronizedBuildFileExceptionSet */, ); explicitFileTypes = {}; explicitFolders = (); path = Production; sourceTree = "<group>"; };
		5D93A1532CB0082900D69D79 /* Tests */ = {isa = PBXFileSystemSynchronizedRootGroup; exceptions = (5D93A1EF2CB0082900D69D79 /* PBXFileSystemSynchronizedBuildFileExceptionSet */, 5D93A1F02CB0082900D69D79 /* PBXFileSystemSynchronizedBuildFileExceptionSet */, 5D93A1F12CB0082900D69D79 /* PBXFileSystemSynchronizedBuildFileExceptionSet */, 5D93A1F22CB0082900D69D79 /* PBXFileSystemSynchronizedBuildFileExceptionSet */, ); explicitFileTypes = {}; explicitFolders = (); path = Tests; sourceTree = "<group>"; };
		5D93A1F42CB0087200D69D79 /* TestFlight */ = {isa = PBXFileSystemSynchronizedRootGroup; explicitFileTypes = {}; explicitFolders = (); path = TestFlight; sourceTree = "<group>"; };
/* End PBXFileSystemSynchronizedRootGroup section */

/* Begin PBXFrameworksBuildPhase section */
		5D4B9D312C074207005F126A /* Frameworks */ = {
			isa = PBXFrameworksBuildPhase;
			buildActionMask = 2147483647;
			files = (
				5D4B9D3E2C074227005F126A /* iOSSnapshotTestCase in Frameworks */,
			);
			runOnlyForDeploymentPostprocessing = 0;
		};
		5DAD71712BD250DB0075F648 /* Frameworks */ = {
			isa = PBXFrameworksBuildPhase;
			buildActionMask = 2147483647;
			files = (
				5D26A75E2C92CCA8009902DD /* Onboarding in Frameworks */,
				5D0B02032C81A7E90013A410 /* Onboarding in Frameworks */,
				5D7F267E2C0F0EF000842090 /* Factory in Frameworks */,
				5DC250602C91D395009E9E7F /* FirebaseAnalyticsWithoutAdIdSupport in Frameworks */,
				5DC250622C91D395009E9E7F /* FirebaseCrashlytics in Frameworks */,
				5D0278372C29CB5800F2A4EB /* Lottie in Frameworks */,
			);
			runOnlyForDeploymentPostprocessing = 0;
		};
		5DAD71872BD250DF0075F648 /* Frameworks */ = {
			isa = PBXFrameworksBuildPhase;
			buildActionMask = 2147483647;
			files = (
			);
			runOnlyForDeploymentPostprocessing = 0;
		};
		5DAD71912BD250DF0075F648 /* Frameworks */ = {
			isa = PBXFrameworksBuildPhase;
			buildActionMask = 2147483647;
			files = (
			);
			runOnlyForDeploymentPostprocessing = 0;
		};
/* End PBXFrameworksBuildPhase section */

/* Begin PBXGroup section */
		5D1353A92BE0D75000414441 /* Frameworks */ = {
			isa = PBXGroup;
			children = (
			);
			name = Frameworks;
			sourceTree = "<group>";
		};
		5DAD716B2BD250DA0075F648 = {
			isa = PBXGroup;
			children = (
				5D939D512CB0078100D69D79 /* Production */,
				5D93A1532CB0082900D69D79 /* Tests */,
				5D93A1F42CB0087200D69D79 /* TestFlight */,
				5DAD71752BD250DB0075F648 /* Products */,
				5D1353A92BE0D75000414441 /* Frameworks */,
			);
			sourceTree = "<group>";
		};
		5DAD71752BD250DB0075F648 /* Products */ = {
			isa = PBXGroup;
			children = (
				5DAD71742BD250DB0075F648 /* govuk_ios.app */,
				5DAD718A2BD250DF0075F648 /* govuk_ios_unit_tests.xctest */,
				5DAD71942BD250DF0075F648 /* govuk_ios_ui_tests.xctest */,
				5D4B9D342C074207005F126A /* govuk_ios_snapshot_tests.xctest */,
			);
			name = Products;
			sourceTree = "<group>";
		};
/* End PBXGroup section */

/* Begin PBXNativeTarget section */
		5D4B9D332C074207005F126A /* govuk_ios_snapshot_tests */ = {
			isa = PBXNativeTarget;
			buildConfigurationList = 5D4B9D3C2C074207005F126A /* Build configuration list for PBXNativeTarget "govuk_ios_snapshot_tests" */;
			buildPhases = (
				5D4B9D302C074207005F126A /* Sources */,
				5D4B9D312C074207005F126A /* Frameworks */,
				5D4B9D322C074207005F126A /* Resources */,
				5D4B9D402C074227005F126A /* Embed Frameworks */,
			);
			buildRules = (
			);
			dependencies = (
				5D4B9D392C074207005F126A /* PBXTargetDependency */,
			);
			name = govuk_ios_snapshot_tests;
			packageProductDependencies = (
				5D4B9D3D2C074227005F126A /* iOSSnapshotTestCase */,
			);
			productName = govuk_ios_snapshot_tests;
			productReference = 5D4B9D342C074207005F126A /* govuk_ios_snapshot_tests.xctest */;
			productType = "com.apple.product-type.bundle.unit-test";
		};
		5DAD71732BD250DB0075F648 /* govuk_ios */ = {
			isa = PBXNativeTarget;
			buildConfigurationList = 5DAD719E2BD250DF0075F648 /* Build configuration list for PBXNativeTarget "govuk_ios" */;
			buildPhases = (
				5D451E212BD69D6600673BC1 /* Lint */,
				5DAD71702BD250DB0075F648 /* Sources */,
				5DAD71712BD250DB0075F648 /* Frameworks */,
				5DAD71722BD250DB0075F648 /* Resources */,
				160EA7532C5A99CF008F97AF /* ShellScript */,
			);
			buildRules = (
			);
			dependencies = (
			);
			fileSystemSynchronizedGroups = (
				5D939D512CB0078100D69D79 /* Production */,
			);
			name = govuk_ios;
			packageProductDependencies = (
				5D7F267D2C0F0EF000842090 /* Factory */,
				5D0278362C29CB5800F2A4EB /* Lottie */,
				5D0B02022C81A7E90013A410 /* Onboarding */,
				5D4E255A2C821BCE00FD9A28 /* Onboarding */,
				5DC2505F2C91D395009E9E7F /* FirebaseAnalyticsWithoutAdIdSupport */,
				5DC250612C91D395009E9E7F /* FirebaseCrashlytics */,
			);
			productName = GovUK;
			productReference = 5DAD71742BD250DB0075F648 /* govuk_ios.app */;
			productType = "com.apple.product-type.application";
		};
		5DAD71892BD250DF0075F648 /* govuk_ios_unit_tests */ = {
			isa = PBXNativeTarget;
			buildConfigurationList = 5DAD71A12BD250DF0075F648 /* Build configuration list for PBXNativeTarget "govuk_ios_unit_tests" */;
			buildPhases = (
				5DAD71862BD250DF0075F648 /* Sources */,
				5DAD71872BD250DF0075F648 /* Frameworks */,
				5DAD71882BD250DF0075F648 /* Resources */,
			);
			buildRules = (
			);
			dependencies = (
				5DAD718C2BD250DF0075F648 /* PBXTargetDependency */,
			);
			fileSystemSynchronizedGroups = (
				5D93A1532CB0082900D69D79 /* Tests */,
			);
			name = govuk_ios_unit_tests;
			packageProductDependencies = (
			);
			productName = GovUKTests;
			productReference = 5DAD718A2BD250DF0075F648 /* govuk_ios_unit_tests.xctest */;
			productType = "com.apple.product-type.bundle.unit-test";
		};
		5DAD71932BD250DF0075F648 /* govuk_ios_ui_tests */ = {
			isa = PBXNativeTarget;
			buildConfigurationList = 5DAD71A42BD250DF0075F648 /* Build configuration list for PBXNativeTarget "govuk_ios_ui_tests" */;
			buildPhases = (
				5DAD71902BD250DF0075F648 /* Sources */,
				5DAD71912BD250DF0075F648 /* Frameworks */,
				5DAD71922BD250DF0075F648 /* Resources */,
			);
			buildRules = (
			);
			dependencies = (
				5DAD71962BD250DF0075F648 /* PBXTargetDependency */,
			);
			name = govuk_ios_ui_tests;
			productName = GovUKUITests;
			productReference = 5DAD71942BD250DF0075F648 /* govuk_ios_ui_tests.xctest */;
			productType = "com.apple.product-type.bundle.ui-testing";
		};
/* End PBXNativeTarget section */

/* Begin PBXProject section */
		5DAD716C2BD250DA0075F648 /* Project object */ = {
			isa = PBXProject;
			attributes = {
				BuildIndependentTargetsInParallel = 1;
				LastSwiftUpdateCheck = 1540;
				LastUpgradeCheck = 1600;
				TargetAttributes = {
					5D4B9D332C074207005F126A = {
						CreatedOnToolsVersion = 15.4;
						TestTargetID = 5DAD71732BD250DB0075F648;
					};
					5DAD71732BD250DB0075F648 = {
						CreatedOnToolsVersion = 15.3;
					};
					5DAD71892BD250DF0075F648 = {
						CreatedOnToolsVersion = 15.3;
						TestTargetID = 5DAD71732BD250DB0075F648;
					};
					5DAD71932BD250DF0075F648 = {
						CreatedOnToolsVersion = 15.3;
						TestTargetID = 5DAD71732BD250DB0075F648;
					};
				};
			};
			buildConfigurationList = 5DAD716F2BD250DA0075F648 /* Build configuration list for PBXProject "GovUK" */;
			compatibilityVersion = "Xcode 14.0";
			developmentRegion = "en-GB";
			hasScannedForEncodings = 0;
			knownRegions = (
				Base,
				"en-GB",
			);
			mainGroup = 5DAD716B2BD250DA0075F648;
			packageReferences = (
				5D89226D2C071FE70019FBD7 /* XCRemoteSwiftPackageReference "ios-snapshot-test-case" */,
				5D7F267C2C0F0EF000842090 /* XCRemoteSwiftPackageReference "Factory" */,
				5D0278352C29CB5800F2A4EB /* XCRemoteSwiftPackageReference "lottie-ios" */,
				5D4E25592C821BCE00FD9A28 /* XCRemoteSwiftPackageReference "govuk-mobile-ios-onboarding" */,
				5DC2505E2C91D395009E9E7F /* XCRemoteSwiftPackageReference "firebase-ios-sdk" */,
			);
			productRefGroup = 5DAD71752BD250DB0075F648 /* Products */;
			projectDirPath = "";
			projectRoot = "";
			targets = (
				5DAD71732BD250DB0075F648 /* govuk_ios */,
				5DAD71892BD250DF0075F648 /* govuk_ios_unit_tests */,
				5D4B9D332C074207005F126A /* govuk_ios_snapshot_tests */,
				5DAD71932BD250DF0075F648 /* govuk_ios_ui_tests */,
			);
		};
/* End PBXProject section */

/* Begin PBXResourcesBuildPhase section */
		5D4B9D322C074207005F126A /* Resources */ = {
			isa = PBXResourcesBuildPhase;
			buildActionMask = 2147483647;
			files = (
			);
			runOnlyForDeploymentPostprocessing = 0;
		};
		5DAD71722BD250DB0075F648 /* Resources */ = {
			isa = PBXResourcesBuildPhase;
			buildActionMask = 2147483647;
			files = (
			);
			runOnlyForDeploymentPostprocessing = 0;
		};
		5DAD71882BD250DF0075F648 /* Resources */ = {
			isa = PBXResourcesBuildPhase;
			buildActionMask = 2147483647;
			files = (
			);
			runOnlyForDeploymentPostprocessing = 0;
		};
		5DAD71922BD250DF0075F648 /* Resources */ = {
			isa = PBXResourcesBuildPhase;
			buildActionMask = 2147483647;
			files = (
			);
			runOnlyForDeploymentPostprocessing = 0;
		};
/* End PBXResourcesBuildPhase section */

/* Begin PBXShellScriptBuildPhase section */
		160EA7532C5A99CF008F97AF /* ShellScript */ = {
			isa = PBXShellScriptBuildPhase;
			alwaysOutOfDate = 1;
			buildActionMask = 2147483647;
			files = (
			);
			inputFileListPaths = (
			);
			inputPaths = (
				"${DWARF_DSYM_FOLDER_PATH}/${DWARF_DSYM_FILE_NAME}",
				"${DWARF_DSYM_FOLDER_PATH}/${DWARF_DSYM_FILE_NAME}/Contents/Resources/DWARF/${PRODUCT_NAME}",
				"${DWARF_DSYM_FOLDER_PATH}/${DWARF_DSYM_FILE_NAME}/Contents/Info.plist",
				"$(TARGET_BUILD_DIR)/$(UNLOCALIZED_RESOURCES_FOLDER_PATH)/GoogleService-Info.plist",
				"$(TARGET_BUILD_DIR)/$(EXECUTABLE_PATH)",
			);
			outputFileListPaths = (
			);
			outputPaths = (
			);
			runOnlyForDeploymentPostprocessing = 0;
			shellPath = /bin/sh;
			shellScript = "\"${BUILD_DIR%/Build/*}/SourcePackages/checkouts/firebase-ios-sdk/Crashlytics/run\"\n";
		};
		5D451E212BD69D6600673BC1 /* Lint */ = {
			isa = PBXShellScriptBuildPhase;
			alwaysOutOfDate = 1;
			buildActionMask = 2147483647;
			files = (
			);
			inputFileListPaths = (
			);
			inputPaths = (
			);
			name = Lint;
			outputFileListPaths = (
			);
			outputPaths = (
			);
			runOnlyForDeploymentPostprocessing = 0;
			shellPath = /bin/sh;
			shellScript = "if test -d \"/opt/homebrew/bin/\"; then\n  PATH=\"/opt/homebrew/bin/:${PATH}\"\nfi\n\nif which swiftlint >/dev/null; then\n  swiftlint --fix\n  swiftlint --strict\nfi\n";
		};
/* End PBXShellScriptBuildPhase section */

/* Begin PBXSourcesBuildPhase section */
		5D4B9D302C074207005F126A /* Sources */ = {
			isa = PBXSourcesBuildPhase;
			buildActionMask = 2147483647;
			files = (
			);
			runOnlyForDeploymentPostprocessing = 0;
		};
		5DAD71702BD250DB0075F648 /* Sources */ = {
			isa = PBXSourcesBuildPhase;
			buildActionMask = 2147483647;
			files = (
			);
			runOnlyForDeploymentPostprocessing = 0;
		};
		5DAD71862BD250DF0075F648 /* Sources */ = {
			isa = PBXSourcesBuildPhase;
			buildActionMask = 2147483647;
			files = (
			);
			runOnlyForDeploymentPostprocessing = 0;
		};
		5DAD71902BD250DF0075F648 /* Sources */ = {
			isa = PBXSourcesBuildPhase;
			buildActionMask = 2147483647;
			files = (
			);
			runOnlyForDeploymentPostprocessing = 0;
		};
/* End PBXSourcesBuildPhase section */

/* Begin PBXTargetDependency section */
		5D4B9D392C074207005F126A /* PBXTargetDependency */ = {
			isa = PBXTargetDependency;
			target = 5DAD71732BD250DB0075F648 /* govuk_ios */;
			targetProxy = 5D4B9D382C074207005F126A /* PBXContainerItemProxy */;
		};
		5DAD718C2BD250DF0075F648 /* PBXTargetDependency */ = {
			isa = PBXTargetDependency;
			target = 5DAD71732BD250DB0075F648 /* govuk_ios */;
			targetProxy = 5DAD718B2BD250DF0075F648 /* PBXContainerItemProxy */;
		};
		5DAD71962BD250DF0075F648 /* PBXTargetDependency */ = {
			isa = PBXTargetDependency;
			target = 5DAD71732BD250DB0075F648 /* govuk_ios */;
			targetProxy = 5DAD71952BD250DF0075F648 /* PBXContainerItemProxy */;
		};
/* End PBXTargetDependency section */

/* Begin XCBuildConfiguration section */
		5D4B9D3A2C074207005F126A /* Debug */ = {
			isa = XCBuildConfiguration;
			buildSettings = {
				BUNDLE_LOADER = "$(TEST_HOST)";
				CODE_SIGN_STYLE = Automatic;
				CURRENT_PROJECT_VERSION = 1;
				DEVELOPMENT_TEAM = N8W395F695;
				GENERATE_INFOPLIST_FILE = YES;
				IPHONEOS_DEPLOYMENT_TARGET = 14.1;
				MARKETING_VERSION = 1.0;
				PRODUCT_BUNDLE_IDENTIFIER = uk.gov.govuk.snapshot;
				PRODUCT_NAME = "$(TARGET_NAME)";
				SWIFT_EMIT_LOC_STRINGS = NO;
				SWIFT_VERSION = 5.0;
				TARGETED_DEVICE_FAMILY = "1,2";
				TEST_HOST = "$(BUILT_PRODUCTS_DIR)/govuk_ios.app/$(BUNDLE_EXECUTABLE_FOLDER_PATH)/govuk_ios";
			};
			name = Debug;
		};
		5D4B9D3B2C074207005F126A /* Release */ = {
			isa = XCBuildConfiguration;
			buildSettings = {
				BUNDLE_LOADER = "$(TEST_HOST)";
				CODE_SIGN_STYLE = Automatic;
				CURRENT_PROJECT_VERSION = 1;
				DEVELOPMENT_TEAM = N8W395F695;
				GENERATE_INFOPLIST_FILE = YES;
				IPHONEOS_DEPLOYMENT_TARGET = 14.1;
				MARKETING_VERSION = 1.0;
				PRODUCT_BUNDLE_IDENTIFIER = uk.gov.govuk.snapshot;
				PRODUCT_NAME = "$(TARGET_NAME)";
				SWIFT_EMIT_LOC_STRINGS = NO;
				SWIFT_VERSION = 5.0;
				TARGETED_DEVICE_FAMILY = "1,2";
				TEST_HOST = "$(BUILT_PRODUCTS_DIR)/govuk_ios.app/$(BUNDLE_EXECUTABLE_FOLDER_PATH)/govuk_ios";
			};
			name = Release;
		};
		5DAD719C2BD250DF0075F648 /* Debug */ = {
			isa = XCBuildConfiguration;
			buildSettings = {
				ALWAYS_SEARCH_USER_PATHS = NO;
				ASSETCATALOG_COMPILER_GENERATE_SWIFT_ASSET_SYMBOL_EXTENSIONS = YES;
				CLANG_ANALYZER_LOCALIZABILITY_NONLOCALIZED = YES;
				CLANG_ANALYZER_NONNULL = YES;
				CLANG_ANALYZER_NUMBER_OBJECT_CONVERSION = YES_AGGRESSIVE;
				CLANG_CXX_LANGUAGE_STANDARD = "gnu++20";
				CLANG_ENABLE_MODULES = YES;
				CLANG_ENABLE_OBJC_ARC = YES;
				CLANG_ENABLE_OBJC_WEAK = YES;
				CLANG_WARN_BLOCK_CAPTURE_AUTORELEASING = YES;
				CLANG_WARN_BOOL_CONVERSION = YES;
				CLANG_WARN_COMMA = YES;
				CLANG_WARN_CONSTANT_CONVERSION = YES;
				CLANG_WARN_DEPRECATED_OBJC_IMPLEMENTATIONS = YES;
				CLANG_WARN_DIRECT_OBJC_ISA_USAGE = YES_ERROR;
				CLANG_WARN_DOCUMENTATION_COMMENTS = YES;
				CLANG_WARN_EMPTY_BODY = YES;
				CLANG_WARN_ENUM_CONVERSION = YES;
				CLANG_WARN_INFINITE_RECURSION = YES;
				CLANG_WARN_INT_CONVERSION = YES;
				CLANG_WARN_NON_LITERAL_NULL_CONVERSION = YES;
				CLANG_WARN_OBJC_IMPLICIT_RETAIN_SELF = YES;
				CLANG_WARN_OBJC_LITERAL_CONVERSION = YES;
				CLANG_WARN_OBJC_ROOT_CLASS = YES_ERROR;
				CLANG_WARN_QUOTED_INCLUDE_IN_FRAMEWORK_HEADER = YES;
				CLANG_WARN_RANGE_LOOP_ANALYSIS = YES;
				CLANG_WARN_STRICT_PROTOTYPES = YES;
				CLANG_WARN_SUSPICIOUS_MOVE = YES;
				CLANG_WARN_UNGUARDED_AVAILABILITY = YES_AGGRESSIVE;
				CLANG_WARN_UNREACHABLE_CODE = YES;
				CLANG_WARN__DUPLICATE_METHOD_MATCH = YES;
				COPY_PHASE_STRIP = NO;
				DEBUG_INFORMATION_FORMAT = "dwarf-with-dsym";
				ENABLE_STRICT_OBJC_MSGSEND = YES;
				ENABLE_TESTABILITY = YES;
				ENABLE_USER_SCRIPT_SANDBOXING = YES;
				GCC_C_LANGUAGE_STANDARD = gnu17;
				GCC_DYNAMIC_NO_PIC = NO;
				GCC_NO_COMMON_BLOCKS = YES;
				GCC_OPTIMIZATION_LEVEL = 0;
				GCC_PREPROCESSOR_DEFINITIONS = (
					"DEBUG=1",
					"$(inherited)",
				);
				GCC_WARN_64_TO_32_BIT_CONVERSION = YES;
				GCC_WARN_ABOUT_RETURN_TYPE = YES_ERROR;
				GCC_WARN_UNDECLARED_SELECTOR = YES;
				GCC_WARN_UNINITIALIZED_AUTOS = YES_AGGRESSIVE;
				GCC_WARN_UNUSED_FUNCTION = YES;
				GCC_WARN_UNUSED_VARIABLE = YES;
				INFOPLIST_FILE = "";
				IPHONEOS_DEPLOYMENT_TARGET = 14.1;
				LOCALIZATION_PREFERS_STRING_CATALOGS = YES;
				MTL_ENABLE_DEBUG_INFO = INCLUDE_SOURCE;
				MTL_FAST_MATH = YES;
				ONLY_ACTIVE_ARCH = YES;
				SDKROOT = iphoneos;
				SWIFT_ACTIVE_COMPILATION_CONDITIONS = "DEBUG $(inherited)";
				SWIFT_EMIT_LOC_STRINGS = YES;
				SWIFT_OPTIMIZATION_LEVEL = "-Onone";
			};
			name = Debug;
		};
		5DAD719D2BD250DF0075F648 /* Release */ = {
			isa = XCBuildConfiguration;
			buildSettings = {
				ALWAYS_SEARCH_USER_PATHS = NO;
				ASSETCATALOG_COMPILER_GENERATE_SWIFT_ASSET_SYMBOL_EXTENSIONS = YES;
				CLANG_ANALYZER_LOCALIZABILITY_NONLOCALIZED = YES;
				CLANG_ANALYZER_NONNULL = YES;
				CLANG_ANALYZER_NUMBER_OBJECT_CONVERSION = YES_AGGRESSIVE;
				CLANG_CXX_LANGUAGE_STANDARD = "gnu++20";
				CLANG_ENABLE_MODULES = YES;
				CLANG_ENABLE_OBJC_ARC = YES;
				CLANG_ENABLE_OBJC_WEAK = YES;
				CLANG_WARN_BLOCK_CAPTURE_AUTORELEASING = YES;
				CLANG_WARN_BOOL_CONVERSION = YES;
				CLANG_WARN_COMMA = YES;
				CLANG_WARN_CONSTANT_CONVERSION = YES;
				CLANG_WARN_DEPRECATED_OBJC_IMPLEMENTATIONS = YES;
				CLANG_WARN_DIRECT_OBJC_ISA_USAGE = YES_ERROR;
				CLANG_WARN_DOCUMENTATION_COMMENTS = YES;
				CLANG_WARN_EMPTY_BODY = YES;
				CLANG_WARN_ENUM_CONVERSION = YES;
				CLANG_WARN_INFINITE_RECURSION = YES;
				CLANG_WARN_INT_CONVERSION = YES;
				CLANG_WARN_NON_LITERAL_NULL_CONVERSION = YES;
				CLANG_WARN_OBJC_IMPLICIT_RETAIN_SELF = YES;
				CLANG_WARN_OBJC_LITERAL_CONVERSION = YES;
				CLANG_WARN_OBJC_ROOT_CLASS = YES_ERROR;
				CLANG_WARN_QUOTED_INCLUDE_IN_FRAMEWORK_HEADER = YES;
				CLANG_WARN_RANGE_LOOP_ANALYSIS = YES;
				CLANG_WARN_STRICT_PROTOTYPES = YES;
				CLANG_WARN_SUSPICIOUS_MOVE = YES;
				CLANG_WARN_UNGUARDED_AVAILABILITY = YES_AGGRESSIVE;
				CLANG_WARN_UNREACHABLE_CODE = YES;
				CLANG_WARN__DUPLICATE_METHOD_MATCH = YES;
				COPY_PHASE_STRIP = NO;
				DEBUG_INFORMATION_FORMAT = "dwarf-with-dsym";
				ENABLE_NS_ASSERTIONS = NO;
				ENABLE_STRICT_OBJC_MSGSEND = YES;
				ENABLE_USER_SCRIPT_SANDBOXING = YES;
				GCC_C_LANGUAGE_STANDARD = gnu17;
				GCC_NO_COMMON_BLOCKS = YES;
				GCC_WARN_64_TO_32_BIT_CONVERSION = YES;
				GCC_WARN_ABOUT_RETURN_TYPE = YES_ERROR;
				GCC_WARN_UNDECLARED_SELECTOR = YES;
				GCC_WARN_UNINITIALIZED_AUTOS = YES_AGGRESSIVE;
				GCC_WARN_UNUSED_FUNCTION = YES;
				GCC_WARN_UNUSED_VARIABLE = YES;
				INFOPLIST_FILE = "";
				"INFOPLIST_FILE[sdk=*]" = "";
				IPHONEOS_DEPLOYMENT_TARGET = 14.1;
				LOCALIZATION_PREFERS_STRING_CATALOGS = YES;
				MTL_ENABLE_DEBUG_INFO = NO;
				MTL_FAST_MATH = YES;
				SDKROOT = iphoneos;
				SWIFT_COMPILATION_MODE = wholemodule;
				SWIFT_EMIT_LOC_STRINGS = YES;
				VALIDATE_PRODUCT = YES;
			};
			name = Release;
		};
		5DAD719F2BD250DF0075F648 /* Debug */ = {
			isa = XCBuildConfiguration;
			buildSettings = {
				ASSETCATALOG_COMPILER_APPICON_NAME = AppIcon;
				ASSETCATALOG_COMPILER_GLOBAL_ACCENT_COLOR_NAME = AccentColor;
				CODE_SIGN_STYLE = Automatic;
				CURRENT_PROJECT_VERSION = 1;
				DEVELOPMENT_TEAM = N8W395F695;
				ENABLE_USER_SCRIPT_SANDBOXING = NO;
				GENERATE_INFOPLIST_FILE = YES;
				INFOPLIST_FILE = Production/govuk_ios/SupportingFiles/Info.plist;
				INFOPLIST_KEY_CFBundleDisplayName = GOV.UK;
				INFOPLIST_KEY_UIApplicationSupportsIndirectInputEvents = YES;
				INFOPLIST_KEY_UILaunchStoryboardName = "";
				INFOPLIST_KEY_UIMainStoryboardFile = "";
				INFOPLIST_KEY_UISupportedInterfaceOrientations_iPad = "UIInterfaceOrientationPortrait UIInterfaceOrientationPortraitUpsideDown UIInterfaceOrientationLandscapeLeft UIInterfaceOrientationLandscapeRight";
				INFOPLIST_KEY_UISupportedInterfaceOrientations_iPhone = "UIInterfaceOrientationPortrait UIInterfaceOrientationLandscapeLeft UIInterfaceOrientationLandscapeRight";
				LD_RUNPATH_SEARCH_PATHS = (
					"$(inherited)",
					"@executable_path/Frameworks",
				);
				MARKETING_VERSION = 0.0.1;
				PRODUCT_BUNDLE_IDENTIFIER = uk.gov.govuk;
				PRODUCT_NAME = "$(TARGET_NAME)";
				SWIFT_EMIT_LOC_STRINGS = YES;
				SWIFT_VERSION = 5.0;
				TARGETED_DEVICE_FAMILY = "1,2";
			};
			name = Debug;
		};
		5DAD71A02BD250DF0075F648 /* Release */ = {
			isa = XCBuildConfiguration;
			buildSettings = {
				ASSETCATALOG_COMPILER_APPICON_NAME = AppIcon;
				ASSETCATALOG_COMPILER_GLOBAL_ACCENT_COLOR_NAME = AccentColor;
				"CODE_SIGN_IDENTITY[sdk=iphoneos*]" = "iPhone Distribution";
				CODE_SIGN_STYLE = Manual;
				CURRENT_PROJECT_VERSION = 1;
				DEVELOPMENT_TEAM = N8W395F695;
				ENABLE_USER_SCRIPT_SANDBOXING = NO;
				GENERATE_INFOPLIST_FILE = YES;
				INFOPLIST_FILE = Production/govuk_ios/SupportingFiles/Info.plist;
				INFOPLIST_KEY_CFBundleDisplayName = GOV.UK;
				INFOPLIST_KEY_UIApplicationSupportsIndirectInputEvents = YES;
				INFOPLIST_KEY_UILaunchStoryboardName = "";
				INFOPLIST_KEY_UIMainStoryboardFile = "";
				INFOPLIST_KEY_UISupportedInterfaceOrientations_iPad = "UIInterfaceOrientationPortrait UIInterfaceOrientationPortraitUpsideDown UIInterfaceOrientationLandscapeLeft UIInterfaceOrientationLandscapeRight";
				INFOPLIST_KEY_UISupportedInterfaceOrientations_iPhone = "UIInterfaceOrientationPortrait UIInterfaceOrientationLandscapeLeft UIInterfaceOrientationLandscapeRight";
				LD_RUNPATH_SEARCH_PATHS = (
					"$(inherited)",
					"@executable_path/Frameworks",
				);
				MARKETING_VERSION = 0.0.1;
				PRODUCT_BUNDLE_IDENTIFIER = uk.gov.govuk;
				PRODUCT_NAME = "$(TARGET_NAME)";
				PROVISIONING_PROFILE_SPECIFIER = "match AppStore uk.gov.govuk";
				SWIFT_EMIT_LOC_STRINGS = YES;
				SWIFT_VERSION = 5.0;
				TARGETED_DEVICE_FAMILY = "1,2";
			};
			name = Release;
		};
		5DAD71A22BD250DF0075F648 /* Debug */ = {
			isa = XCBuildConfiguration;
			buildSettings = {
				BUNDLE_LOADER = "$(TEST_HOST)";
				CODE_SIGN_STYLE = Automatic;
				CURRENT_PROJECT_VERSION = 1;
				DEVELOPMENT_TEAM = N8W395F695;
				GENERATE_INFOPLIST_FILE = YES;
				IPHONEOS_DEPLOYMENT_TARGET = 14.1;
				MARKETING_VERSION = 1.0;
				PRODUCT_BUNDLE_IDENTIFIER = uk.gov.govuk.unit;
				PRODUCT_NAME = "$(TARGET_NAME)";
				SWIFT_EMIT_LOC_STRINGS = NO;
				SWIFT_VERSION = 5.0;
				TARGETED_DEVICE_FAMILY = "1,2";
				TEST_HOST = "$(BUILT_PRODUCTS_DIR)/govuk_ios.app/$(BUNDLE_EXECUTABLE_FOLDER_PATH)/govuk_ios";
			};
			name = Debug;
		};
		5DAD71A32BD250DF0075F648 /* Release */ = {
			isa = XCBuildConfiguration;
			buildSettings = {
				BUNDLE_LOADER = "$(TEST_HOST)";
				CODE_SIGN_STYLE = Automatic;
				CURRENT_PROJECT_VERSION = 1;
				DEVELOPMENT_TEAM = N8W395F695;
				GENERATE_INFOPLIST_FILE = YES;
				IPHONEOS_DEPLOYMENT_TARGET = 14.1;
				MARKETING_VERSION = 1.0;
				PRODUCT_BUNDLE_IDENTIFIER = uk.gov.govuk.unit;
				PRODUCT_NAME = "$(TARGET_NAME)";
				SWIFT_EMIT_LOC_STRINGS = NO;
				SWIFT_VERSION = 5.0;
				TARGETED_DEVICE_FAMILY = "1,2";
				TEST_HOST = "$(BUILT_PRODUCTS_DIR)/govuk_ios.app/$(BUNDLE_EXECUTABLE_FOLDER_PATH)/govuk_ios";
			};
			name = Release;
		};
		5DAD71A52BD250DF0075F648 /* Debug */ = {
			isa = XCBuildConfiguration;
			buildSettings = {
				CODE_SIGN_STYLE = Automatic;
				CURRENT_PROJECT_VERSION = 1;
				DEVELOPMENT_TEAM = N8W395F695;
				GENERATE_INFOPLIST_FILE = YES;
				MARKETING_VERSION = 1.0;
				PRODUCT_BUNDLE_IDENTIFIER = uk.gov.govuk.ui;
				PRODUCT_NAME = "$(TARGET_NAME)";
				PROVISIONING_PROFILE = "";
				SWIFT_EMIT_LOC_STRINGS = NO;
				SWIFT_VERSION = 5.0;
				TARGETED_DEVICE_FAMILY = "1,2";
				TEST_TARGET_NAME = govuk_ios;
			};
			name = Debug;
		};
		5DAD71A62BD250DF0075F648 /* Release */ = {
			isa = XCBuildConfiguration;
			buildSettings = {
				CODE_SIGN_STYLE = Automatic;
				CURRENT_PROJECT_VERSION = 1;
				DEVELOPMENT_TEAM = N8W395F695;
				GENERATE_INFOPLIST_FILE = YES;
				MARKETING_VERSION = 1.0;
				PRODUCT_BUNDLE_IDENTIFIER = uk.gov.govuk.ui;
				PRODUCT_NAME = "$(TARGET_NAME)";
				PROVISIONING_PROFILE = "";
				SWIFT_EMIT_LOC_STRINGS = NO;
				SWIFT_VERSION = 5.0;
				TARGETED_DEVICE_FAMILY = "1,2";
				TEST_TARGET_NAME = govuk_ios;
			};
			name = Release;
		};
/* End XCBuildConfiguration section */

/* Begin XCConfigurationList section */
		5D4B9D3C2C074207005F126A /* Build configuration list for PBXNativeTarget "govuk_ios_snapshot_tests" */ = {
			isa = XCConfigurationList;
			buildConfigurations = (
				5D4B9D3A2C074207005F126A /* Debug */,
				5D4B9D3B2C074207005F126A /* Release */,
			);
			defaultConfigurationIsVisible = 0;
			defaultConfigurationName = Release;
		};
		5DAD716F2BD250DA0075F648 /* Build configuration list for PBXProject "GovUK" */ = {
			isa = XCConfigurationList;
			buildConfigurations = (
				5DAD719C2BD250DF0075F648 /* Debug */,
				5DAD719D2BD250DF0075F648 /* Release */,
			);
			defaultConfigurationIsVisible = 0;
			defaultConfigurationName = Release;
		};
		5DAD719E2BD250DF0075F648 /* Build configuration list for PBXNativeTarget "govuk_ios" */ = {
			isa = XCConfigurationList;
			buildConfigurations = (
				5DAD719F2BD250DF0075F648 /* Debug */,
				5DAD71A02BD250DF0075F648 /* Release */,
			);
			defaultConfigurationIsVisible = 0;
			defaultConfigurationName = Release;
		};
		5DAD71A12BD250DF0075F648 /* Build configuration list for PBXNativeTarget "govuk_ios_unit_tests" */ = {
			isa = XCConfigurationList;
			buildConfigurations = (
				5DAD71A22BD250DF0075F648 /* Debug */,
				5DAD71A32BD250DF0075F648 /* Release */,
			);
			defaultConfigurationIsVisible = 0;
			defaultConfigurationName = Release;
		};
		5DAD71A42BD250DF0075F648 /* Build configuration list for PBXNativeTarget "govuk_ios_ui_tests" */ = {
			isa = XCConfigurationList;
			buildConfigurations = (
				5DAD71A52BD250DF0075F648 /* Debug */,
				5DAD71A62BD250DF0075F648 /* Release */,
			);
			defaultConfigurationIsVisible = 0;
			defaultConfigurationName = Release;
		};
/* End XCConfigurationList section */

/* Begin XCRemoteSwiftPackageReference section */
		5D0278352C29CB5800F2A4EB /* XCRemoteSwiftPackageReference "lottie-ios" */ = {
			isa = XCRemoteSwiftPackageReference;
			repositoryURL = "https://github.com/airbnb/lottie-ios";
			requirement = {
				kind = upToNextMajorVersion;
				minimumVersion = 4.4.3;
			};
		};
		5D4E25592C821BCE00FD9A28 /* XCRemoteSwiftPackageReference "govuk-mobile-ios-onboarding" */ = {
			isa = XCRemoteSwiftPackageReference;
			repositoryURL = "https://github.com/alphagov/govuk-mobile-ios-onboarding";
			requirement = {
				branch = develop;
				kind = branch;
			};
		};
		5D7F267C2C0F0EF000842090 /* XCRemoteSwiftPackageReference "Factory" */ = {
			isa = XCRemoteSwiftPackageReference;
			repositoryURL = "https://github.com/hmlongco/Factory";
			requirement = {
				kind = upToNextMajorVersion;
				minimumVersion = 2.3.2;
			};
		};
		5D89226D2C071FE70019FBD7 /* XCRemoteSwiftPackageReference "ios-snapshot-test-case" */ = {
			isa = XCRemoteSwiftPackageReference;
			repositoryURL = "https://github.com/uber/ios-snapshot-test-case";
			requirement = {
				kind = upToNextMajorVersion;
				minimumVersion = 8.0.0;
			};
		};
		5DC2505E2C91D395009E9E7F /* XCRemoteSwiftPackageReference "firebase-ios-sdk" */ = {
			isa = XCRemoteSwiftPackageReference;
			repositoryURL = "https://github.com/firebase/firebase-ios-sdk";
			requirement = {
				kind = upToNextMajorVersion;
				minimumVersion = 11.2.0;
			};
		};
/* End XCRemoteSwiftPackageReference section */

/* Begin XCSwiftPackageProductDependency section */
		5D0278362C29CB5800F2A4EB /* Lottie */ = {
			isa = XCSwiftPackageProductDependency;
			package = 5D0278352C29CB5800F2A4EB /* XCRemoteSwiftPackageReference "lottie-ios" */;
			productName = Lottie;
		};
		5D0B02022C81A7E90013A410 /* Onboarding */ = {
			isa = XCSwiftPackageProductDependency;
			productName = Onboarding;
		};
		5D4B9D3D2C074227005F126A /* iOSSnapshotTestCase */ = {
			isa = XCSwiftPackageProductDependency;
			package = 5D89226D2C071FE70019FBD7 /* XCRemoteSwiftPackageReference "ios-snapshot-test-case" */;
			productName = iOSSnapshotTestCase;
		};
		5D4E255A2C821BCE00FD9A28 /* Onboarding */ = {
			isa = XCSwiftPackageProductDependency;
			package = 5D4E25592C821BCE00FD9A28 /* XCRemoteSwiftPackageReference "govuk-mobile-ios-onboarding" */;
			productName = Onboarding;
		};
		5D7F267D2C0F0EF000842090 /* Factory */ = {
			isa = XCSwiftPackageProductDependency;
			package = 5D7F267C2C0F0EF000842090 /* XCRemoteSwiftPackageReference "Factory" */;
			productName = Factory;
		};
		5DC2505F2C91D395009E9E7F /* FirebaseAnalyticsWithoutAdIdSupport */ = {
			isa = XCSwiftPackageProductDependency;
			package = 5DC2505E2C91D395009E9E7F /* XCRemoteSwiftPackageReference "firebase-ios-sdk" */;
			productName = FirebaseAnalyticsWithoutAdIdSupport;
		};
		5DC250612C91D395009E9E7F /* FirebaseCrashlytics */ = {
			isa = XCSwiftPackageProductDependency;
			package = 5DC2505E2C91D395009E9E7F /* XCRemoteSwiftPackageReference "firebase-ios-sdk" */;
			productName = FirebaseCrashlytics;
		};
/* End XCSwiftPackageProductDependency section */
	};
	rootObject = 5DAD716C2BD250DA0075F648 /* Project object */;
}
