// !$*UTF8*$!
{
	archiveVersion = 1;
	classes = {
	};
	objectVersion = 71;
	objects = {

/* Begin PBXBuildFile section */
		162DD75B2C247ACE00FA482D /* GoogleService-Info.plist in Resources */ = {isa = PBXBuildFile; fileRef = 162DD75A2C247ACE00FA482D /* GoogleService-Info.plist */; };
		5D0278372C29CB5800F2A4EB /* Lottie in Frameworks */ = {isa = PBXBuildFile; productRef = 5D0278362C29CB5800F2A4EB /* Lottie */; };
		5D0B02032C81A7E90013A410 /* Onboarding in Frameworks */ = {isa = PBXBuildFile; productRef = 5D0B02022C81A7E90013A410 /* Onboarding */; };
		5D41DB7C2C09BF340011E691 /* Settings.bundle in Resources */ = {isa = PBXBuildFile; fileRef = 5D41DB7B2C09BF340011E691 /* Settings.bundle */; };
		5D4B9D3E2C074227005F126A /* iOSSnapshotTestCase in Frameworks */ = {isa = PBXBuildFile; productRef = 5D4B9D3D2C074227005F126A /* iOSSnapshotTestCase */; };
		5D4B9D3F2C074227005F126A /* iOSSnapshotTestCase in Embed Frameworks */ = {isa = PBXBuildFile; productRef = 5D4B9D3D2C074227005F126A /* iOSSnapshotTestCase */; settings = {ATTRIBUTES = (CodeSignOnCopy, ); }; };
		5D51D1602C245AAC008AC8E4 /* PrivacyInfo.xcprivacy in Resources */ = {isa = PBXBuildFile; fileRef = 5D51D15F2C245A1B008AC8E4 /* PrivacyInfo.xcprivacy */; };
		5D6E8F0D2D40F43600761AB6 /* NotificationExtensionClient.swift in Sources */ = {isa = PBXBuildFile; fileRef = 5D6E8F0C2D40F43600761AB6 /* NotificationExtensionClient.swift */; };
		5D7F267E2C0F0EF000842090 /* Factory in Frameworks */ = {isa = PBXBuildFile; productRef = 5D7F267D2C0F0EF000842090 /* Factory */; };
		5DAD71782BD250DB0075F648 /* AppDelegate.swift in Sources */ = {isa = PBXBuildFile; fileRef = 5DAD71772BD250DB0075F648 /* AppDelegate.swift */; };
		5DAD717A2BD250DB0075F648 /* SceneDelegate.swift in Sources */ = {isa = PBXBuildFile; fileRef = 5DAD71792BD250DB0075F648 /* SceneDelegate.swift */; };
		5DC165932CF080F50074F2DC /* UIComponents in Frameworks */ = {isa = PBXBuildFile; productRef = 5DC165922CF080F50074F2DC /* UIComponents */; };
		5DC250602C91D395009E9E7F /* FirebaseAnalyticsWithoutAdIdSupport in Frameworks */ = {isa = PBXBuildFile; productRef = 5DC2505F2C91D395009E9E7F /* FirebaseAnalyticsWithoutAdIdSupport */; };
		5DC250622C91D395009E9E7F /* FirebaseCrashlytics in Frameworks */ = {isa = PBXBuildFile; productRef = 5DC250612C91D395009E9E7F /* FirebaseCrashlytics */; };
		5DCAFA682D3FE0E800C3F284 /* govuk_ios_notification_service.appex in Embed Foundation Extensions */ = {isa = PBXBuildFile; fileRef = 5DCAFA612D3FE0E800C3F284 /* govuk_ios_notification_service.appex */; settings = {ATTRIBUTES = (RemoveHeadersOnCopy, ); }; };
		5DCAFA732D3FFB5600C3F284 /* NotificationServiceExtension.swift in Sources */ = {isa = PBXBuildFile; fileRef = 5DCAFA702D3FFB5600C3F284 /* NotificationServiceExtension.swift */; };
		5DCAFA782D40088600C3F284 /* OneSignalExtension in Frameworks */ = {isa = PBXBuildFile; productRef = 5DCAFA772D40088600C3F284 /* OneSignalExtension */; };
		5DCAFA7A2D40088600C3F284 /* OneSignalFramework in Frameworks */ = {isa = PBXBuildFile; productRef = 5DCAFA792D40088600C3F284 /* OneSignalFramework */; };
		5DDB31CC2CEF84D100E49259 /* Onboarding in Frameworks */ = {isa = PBXBuildFile; productRef = 5DDB31CB2CEF84D100E49259 /* Onboarding */; };
		5DEAA6EB2D6636D9004DF245 /* Onboarding in Frameworks */ = {isa = PBXBuildFile; productRef = 5DEAA6EA2D6636D9004DF245 /* Onboarding */; };
		D0D661A32D285D1B00571841 /* GOVKitTestUtilities in Frameworks */ = {isa = PBXBuildFile; productRef = D0D661A22D285D1B00571841 /* GOVKitTestUtilities */; };
		D0D9B0942D2C240E0051EDDD /* GOVKitTestUtilities in Frameworks */ = {isa = PBXBuildFile; productRef = D0D9B0932D2C240E0051EDDD /* GOVKitTestUtilities */; };
		D0EBFBCE2D109B51000A3151 /* GOVKit in Frameworks */ = {isa = PBXBuildFile; productRef = D0EBFBCD2D109B51000A3151 /* GOVKit */; };
		D0EBFBD02D109B51000A3151 /* RecentActivity in Frameworks */ = {isa = PBXBuildFile; productRef = D0EBFBCF2D109B51000A3151 /* RecentActivity */; };
/* End PBXBuildFile section */

/* Begin PBXContainerItemProxy section */
		5D4B9D382C074207005F126A /* PBXContainerItemProxy */ = {
			isa = PBXContainerItemProxy;
			containerPortal = 5DAD716C2BD250DA0075F648 /* Project object */;
			proxyType = 1;
			remoteGlobalIDString = 5DAD71732BD250DB0075F648;
			remoteInfo = govuk_ios;
		};
		5DAD718B2BD250DF0075F648 /* PBXContainerItemProxy */ = {
			isa = PBXContainerItemProxy;
			containerPortal = 5DAD716C2BD250DA0075F648 /* Project object */;
			proxyType = 1;
			remoteGlobalIDString = 5DAD71732BD250DB0075F648;
			remoteInfo = GovUK;
		};
		5DCAFA662D3FE0E800C3F284 /* PBXContainerItemProxy */ = {
			isa = PBXContainerItemProxy;
			containerPortal = 5DAD716C2BD250DA0075F648 /* Project object */;
			proxyType = 1;
			remoteGlobalIDString = 5DCAFA602D3FE0E800C3F284;
			remoteInfo = govuk_ios_notification_service;
		};
/* End PBXContainerItemProxy section */

/* Begin PBXCopyFilesBuildPhase section */
		5D4B9D402C074227005F126A /* Embed Frameworks */ = {
			isa = PBXCopyFilesBuildPhase;
			buildActionMask = 2147483647;
			dstPath = "";
			dstSubfolderSpec = 10;
			files = (
				5D4B9D3F2C074227005F126A /* iOSSnapshotTestCase in Embed Frameworks */,
			);
			name = "Embed Frameworks";
			runOnlyForDeploymentPostprocessing = 0;
		};
		5DCAFA6E2D3FE0E800C3F284 /* Embed Foundation Extensions */ = {
			isa = PBXCopyFilesBuildPhase;
			buildActionMask = 2147483647;
			dstPath = "";
			dstSubfolderSpec = 13;
			files = (
				5DCAFA682D3FE0E800C3F284 /* govuk_ios_notification_service.appex in Embed Foundation Extensions */,
			);
			name = "Embed Foundation Extensions";
			runOnlyForDeploymentPostprocessing = 0;
		};
/* End PBXCopyFilesBuildPhase section */

/* Begin PBXFileReference section */
		162DD75A2C247ACE00FA482D /* GoogleService-Info.plist */ = {isa = PBXFileReference; fileEncoding = 4; lastKnownFileType = text.plist.xml; path = "GoogleService-Info.plist"; sourceTree = "<group>"; };
		5D30CF972C64A64600361C97 /* WhatToTest.en-GB.txt */ = {isa = PBXFileReference; lastKnownFileType = text; path = "WhatToTest.en-GB.txt"; sourceTree = "<group>"; };
		5D41DB7B2C09BF340011E691 /* Settings.bundle */ = {isa = PBXFileReference; lastKnownFileType = "wrapper.plug-in"; path = Settings.bundle; sourceTree = "<group>"; };
		5D4B9D342C074207005F126A /* govuk_ios_snapshot_tests.xctest */ = {isa = PBXFileReference; explicitFileType = wrapper.cfbundle; includeInIndex = 0; path = govuk_ios_snapshot_tests.xctest; sourceTree = BUILT_PRODUCTS_DIR; };
		5D51D15F2C245A1B008AC8E4 /* PrivacyInfo.xcprivacy */ = {isa = PBXFileReference; lastKnownFileType = text.xml; path = PrivacyInfo.xcprivacy; sourceTree = "<group>"; };
		5D6E8F0C2D40F43600761AB6 /* NotificationExtensionClient.swift */ = {isa = PBXFileReference; lastKnownFileType = sourcecode.swift; path = NotificationExtensionClient.swift; sourceTree = "<group>"; };
		5D869B852D07428F006B67F8 /* govuk_ios.entitlements */ = {isa = PBXFileReference; lastKnownFileType = text.plist.entitlements; path = govuk_ios.entitlements; sourceTree = "<group>"; };
		5DAD71742BD250DB0075F648 /* govuk_ios.app */ = {isa = PBXFileReference; explicitFileType = wrapper.application; includeInIndex = 0; path = govuk_ios.app; sourceTree = BUILT_PRODUCTS_DIR; };
		5DAD71772BD250DB0075F648 /* AppDelegate.swift */ = {isa = PBXFileReference; lastKnownFileType = sourcecode.swift; path = AppDelegate.swift; sourceTree = "<group>"; };
		5DAD71792BD250DB0075F648 /* SceneDelegate.swift */ = {isa = PBXFileReference; lastKnownFileType = sourcecode.swift; path = SceneDelegate.swift; sourceTree = "<group>"; };
		5DAD71852BD250DE0075F648 /* Info.plist */ = {isa = PBXFileReference; lastKnownFileType = text.plist.xml; path = Info.plist; sourceTree = "<group>"; };
		5DAD718A2BD250DF0075F648 /* govuk_ios_unit_tests.xctest */ = {isa = PBXFileReference; explicitFileType = wrapper.cfbundle; includeInIndex = 0; path = govuk_ios_unit_tests.xctest; sourceTree = BUILT_PRODUCTS_DIR; };
		5DB226322D400C88004C2DD4 /* govuk_ios_notification_service.entitlements */ = {isa = PBXFileReference; lastKnownFileType = text.plist.entitlements; path = govuk_ios_notification_service.entitlements; sourceTree = "<group>"; };
		5DB226332D400D02004C2DD4 /* govuk_ios_notification_service_dev.entitlements */ = {isa = PBXFileReference; lastKnownFileType = text.plist.entitlements; path = govuk_ios_notification_service_dev.entitlements; sourceTree = "<group>"; };
		5DCAFA612D3FE0E800C3F284 /* govuk_ios_notification_service.appex */ = {isa = PBXFileReference; explicitFileType = "wrapper.app-extension"; includeInIndex = 0; path = govuk_ios_notification_service.appex; sourceTree = BUILT_PRODUCTS_DIR; };
		5DCAFA6F2D3FFB5600C3F284 /* Info.plist */ = {isa = PBXFileReference; lastKnownFileType = text.plist.xml; path = Info.plist; sourceTree = "<group>"; };
		5DCAFA702D3FFB5600C3F284 /* NotificationServiceExtension.swift */ = {isa = PBXFileReference; lastKnownFileType = sourcecode.swift; path = NotificationServiceExtension.swift; sourceTree = "<group>"; };
		5DCAFA7B2D400C1B00C3F284 /* govuk_ios_dev.entitlements */ = {isa = PBXFileReference; lastKnownFileType = text.plist.entitlements; path = govuk_ios_dev.entitlements; sourceTree = "<group>"; };
		D0B3EBFD2CE226AC00A8F321 /* GoogleService-Info-Dev.plist */ = {isa = PBXFileReference; lastKnownFileType = text.plist.xml; path = "GoogleService-Info-Dev.plist"; sourceTree = "<group>"; };
		D0B3EBFE2CE226AC00A8F321 /* GoogleService-Info-Live.plist */ = {isa = PBXFileReference; lastKnownFileType = text.plist.xml; path = "GoogleService-Info-Live.plist"; sourceTree = "<group>"; };
		D0EBFBCB2D0C825D000A3151 /* RecentActivity */ = {isa = PBXFileReference; lastKnownFileType = wrapper; path = RecentActivity; sourceTree = "<group>"; };
		D0EBFBCC2D0C9653000A3151 /* GOVKit */ = {isa = PBXFileReference; lastKnownFileType = wrapper; path = GOVKit; sourceTree = "<group>"; };
/* End PBXFileReference section */

/* Begin PBXFileSystemSynchronizedBuildFileExceptionSet section */
		5D9CDF202CD928FB0045DFC3 /* PBXFileSystemSynchronizedBuildFileExceptionSet */ = {
			isa = PBXFileSystemSynchronizedBuildFileExceptionSet;
			membershipExceptions = (
				govuk_ios/govuk_ios_unit_tests/Resources/MockAppConfigResponse.json,
				govuk_ios/govuk_ios_unit_tests/Resources/MockAppConfigResponseInvalid.json,
				govuk_ios/govuk_ios_unit_tests/Resources/MockTopicDetailsResponses/FiveStepByStep.json,
				govuk_ios/govuk_ios_unit_tests/Resources/MockTopicDetailsResponses/NoUnpopularContent.json,
				govuk_ios/govuk_ios_unit_tests/Resources/MockTopicDetailsResponses/UnpopularContent.json,
			);
			target = 5DAD71732BD250DB0075F648 /* govuk_ios */;
		};
		5D9CDF212CD928FB0045DFC3 /* PBXFileSystemSynchronizedBuildFileExceptionSet */ = {
			isa = PBXFileSystemSynchronizedBuildFileExceptionSet;
			membershipExceptions = (
				govuk_ios/govuk_ios_snapshot_tests/Helpers/SnapshotTestCase.swift,
				govuk_ios/govuk_ios_snapshot_tests/ReferenceImages_64,
				govuk_ios/govuk_ios_snapshot_tests/Specs/ViewControllers/AllTopicsViewControllerSnapshotTests.swift,
				govuk_ios/govuk_ios_snapshot_tests/Specs/ViewControllers/AnalyticsConsentViewControllerSnapshotTests.swift,
				govuk_ios/govuk_ios_snapshot_tests/Specs/ViewControllers/AppForcedUpdateViewControllerSnapshotTests.swift,
				govuk_ios/govuk_ios_snapshot_tests/Specs/ViewControllers/AppRecommendUpdateViewControllerSnapshotTests.swift,
				govuk_ios/govuk_ios_snapshot_tests/Specs/ViewControllers/AppUnavailableViewControllerSnapshotTests.swift,
				govuk_ios/govuk_ios_snapshot_tests/Specs/ViewControllers/EditTopicsViewControllerSnapshotTests.swift,
				govuk_ios/govuk_ios_snapshot_tests/Specs/ViewControllers/HomeViewControllerSnapshotTests.swift,
				govuk_ios/govuk_ios_snapshot_tests/Specs/ViewControllers/HostingViewControllerSnapshotTests.swift,
				govuk_ios/govuk_ios_snapshot_tests/Specs/ViewControllers/LaunchViewControllerSnapshotTests.swift,
				govuk_ios/govuk_ios_snapshot_tests/Specs/ViewControllers/RecentActivityListViewControllerSnapshotTests.swift,
				govuk_ios/govuk_ios_snapshot_tests/Specs/ViewControllers/SearchHistoryViewControllerSnapshotTests.swift,
				govuk_ios/govuk_ios_snapshot_tests/Specs/ViewControllers/SearchSuggestionsViewControllerSnapshotTests.swift,
				govuk_ios/govuk_ios_snapshot_tests/Specs/ViewControllers/SearchViewControllerSnapshotTests.swift,
				govuk_ios/govuk_ios_snapshot_tests/Specs/ViewControllers/SettingsViewControllerSnapshotTests.swift,
				govuk_ios/govuk_ios_snapshot_tests/Specs/ViewControllers/TopicDetailViewSnapshotTests.swift,
				govuk_ios/govuk_ios_snapshot_tests/Specs/ViewControllers/TopicOnboardingViewControllerSnapshotTests.swift,
				govuk_ios/govuk_ios_unit_tests/Resources/MockAppConfigResponse.json,
				govuk_ios/govuk_ios_unit_tests/Resources/MockAppConfigResponseInvalid.json,
				govuk_ios/govuk_ios_unit_tests/Resources/MockTopicDetailsResponses/FiveStepByStep.json,
				govuk_ios/govuk_ios_unit_tests/Resources/MockTopicDetailsResponses/NoUnpopularContent.json,
				govuk_ios/govuk_ios_unit_tests/Resources/MockTopicDetailsResponses/UnpopularContent.json,
				GovUK.xctestplan,
			);
			target = 5DAD71892BD250DF0075F648 /* govuk_ios_unit_tests */;
		};
		5D9CDF222CD928FB0045DFC3 /* PBXFileSystemSynchronizedBuildFileExceptionSet */ = {
			isa = PBXFileSystemSynchronizedBuildFileExceptionSet;
			membershipExceptions = (
				govuk_ios/govuk_ios_snapshot_tests/Helpers/SnapshotTestCase.swift,
				govuk_ios/govuk_ios_snapshot_tests/Specs/ViewControllers/AllTopicsViewControllerSnapshotTests.swift,
				govuk_ios/govuk_ios_snapshot_tests/Specs/ViewControllers/AnalyticsConsentViewControllerSnapshotTests.swift,
				govuk_ios/govuk_ios_snapshot_tests/Specs/ViewControllers/AppForcedUpdateViewControllerSnapshotTests.swift,
				govuk_ios/govuk_ios_snapshot_tests/Specs/ViewControllers/AppRecommendUpdateViewControllerSnapshotTests.swift,
				govuk_ios/govuk_ios_snapshot_tests/Specs/ViewControllers/AppUnavailableViewControllerSnapshotTests.swift,
				govuk_ios/govuk_ios_snapshot_tests/Specs/ViewControllers/EditTopicsViewControllerSnapshotTests.swift,
				govuk_ios/govuk_ios_snapshot_tests/Specs/ViewControllers/HomeViewControllerSnapshotTests.swift,
				govuk_ios/govuk_ios_snapshot_tests/Specs/ViewControllers/HostingViewControllerSnapshotTests.swift,
				govuk_ios/govuk_ios_snapshot_tests/Specs/ViewControllers/LaunchViewControllerSnapshotTests.swift,
				govuk_ios/govuk_ios_snapshot_tests/Specs/ViewControllers/RecentActivityListViewControllerSnapshotTests.swift,
				govuk_ios/govuk_ios_snapshot_tests/Specs/ViewControllers/SearchHistoryViewControllerSnapshotTests.swift,
				govuk_ios/govuk_ios_snapshot_tests/Specs/ViewControllers/SearchSuggestionsViewControllerSnapshotTests.swift,
				govuk_ios/govuk_ios_snapshot_tests/Specs/ViewControllers/SearchViewControllerSnapshotTests.swift,
				govuk_ios/govuk_ios_snapshot_tests/Specs/ViewControllers/SettingsViewControllerSnapshotTests.swift,
				govuk_ios/govuk_ios_snapshot_tests/Specs/ViewControllers/TopicDetailViewSnapshotTests.swift,
				govuk_ios/govuk_ios_snapshot_tests/Specs/ViewControllers/TopicOnboardingViewControllerSnapshotTests.swift,
				"govuk_ios/govuk_ios_unit_tests/Arrangers/Model/TopicResponseItem+Arrangers.swift",
				govuk_ios/govuk_ios_unit_tests/Mocks/Repositories/MockTopicsRepository.swift,
				"govuk_ios/shared/Arrangers/Foundation/URL+Arrangers.swift",
				"govuk_ios/shared/Arrangers/Model/ActivityItem+Arrangers.swift",
				"govuk_ios/shared/Arrangers/Model/SearchItem+Arrangers.swift",
				"govuk_ios/shared/Arrangers/Model/Topic+Arrangers.swift",
				"govuk_ios/shared/Arrangers/Model/TopicDetailResponse+Arrangers.swift",
				"govuk_ios/shared/Arrangers/Repositories/CoreDataRepository+Arrangers.swift",
				"govuk_ios/shared/Extensions/Bundle+Tests.swift",
				"govuk_ios/shared/Extensions/Data+Load.swift",
				govuk_ios/shared/Mocks/MockAccessibilityManager.swift,
				govuk_ios/shared/Mocks/MockAppVersionProvider.swift,
				govuk_ios/shared/Mocks/MockDeviceInformationProvider.swift,
				govuk_ios/shared/Mocks/MockDisplayableTopic.swift,
				govuk_ios/shared/Mocks/Services/MockActivityService.swift,
				govuk_ios/shared/Mocks/Services/MockAnalyticsService.swift,
				govuk_ios/shared/Mocks/Services/MockAppConfigService.swift,
				govuk_ios/shared/Mocks/Services/MockAppLaunchService.swift,
				govuk_ios/shared/Mocks/Services/MockSearchService.swift,
				govuk_ios/shared/Mocks/Services/MockTopicsService.swift,
			);
			target = 5D4B9D332C074207005F126A /* govuk_ios_snapshot_tests */;
		};
		5DC765492D6F239400ABBAF4 /* PBXFileSystemSynchronizedBuildFileExceptionSet */ = {
			isa = PBXFileSystemSynchronizedBuildFileExceptionSet;
			membershipExceptions = (
				Config/Alpha.xcconfig,
				Config/Debug.xcconfig,
				Config/Release.xcconfig,
			);
			target = 5DAD71732BD250DB0075F648 /* govuk_ios */;
		};
/* End PBXFileSystemSynchronizedBuildFileExceptionSet section */

/* Begin PBXFileSystemSynchronizedRootGroup section */
		5D9CDE3A2CD928FB0045DFC3 /* Tests */ = {isa = PBXFileSystemSynchronizedRootGroup; exceptions = (5D9CDF202CD928FB0045DFC3 /* PBXFileSystemSynchronizedBuildFileExceptionSet */, 5D9CDF212CD928FB0045DFC3 /* PBXFileSystemSynchronizedBuildFileExceptionSet */, 5D9CDF222CD928FB0045DFC3 /* PBXFileSystemSynchronizedBuildFileExceptionSet */, ); explicitFileTypes = {}; explicitFolders = (govuk_ios/govuk_ios_snapshot_tests/ReferenceImages_64, ); path = Tests; sourceTree = "<group>"; };
		5DC7649E2D6F238200ABBAF4 /* Views */ = {isa = PBXFileSystemSynchronizedRootGroup; explicitFileTypes = {}; explicitFolders = (); path = Views; sourceTree = "<group>"; };
		5DC764CD2D6F238700ABBAF4 /* ViewModels */ = {isa = PBXFileSystemSynchronizedRootGroup; explicitFileTypes = {}; explicitFolders = (); path = ViewModels; sourceTree = "<group>"; };
		5DC764EA2D6F238900ABBAF4 /* ViewControllers */ = {isa = PBXFileSystemSynchronizedRootGroup; explicitFileTypes = {}; explicitFolders = (); path = ViewControllers; sourceTree = "<group>"; };
		5DC764F72D6F238B00ABBAF4 /* Validators */ = {isa = PBXFileSystemSynchronizedRootGroup; explicitFileTypes = {}; explicitFolders = (); path = Validators; sourceTree = "<group>"; };
		5DC765032D6F238D00ABBAF4 /* SwiftUIViews */ = {isa = PBXFileSystemSynchronizedRootGroup; explicitFileTypes = {}; explicitFolders = (); path = SwiftUIViews; sourceTree = "<group>"; };
		5DC765152D6F239000ABBAF4 /* Services */ = {isa = PBXFileSystemSynchronizedRootGroup; explicitFileTypes = {}; explicitFolders = (); path = Services; sourceTree = "<group>"; };
		5DC765232D6F239200ABBAF4 /* ServiceClients */ = {isa = PBXFileSystemSynchronizedRootGroup; explicitFileTypes = {}; explicitFolders = (); path = ServiceClients; sourceTree = "<group>"; };
		5DC765392D6F239400ABBAF4 /* Resources */ = {isa = PBXFileSystemSynchronizedRootGroup; exceptions = (5DC765492D6F239400ABBAF4 /* PBXFileSystemSynchronizedBuildFileExceptionSet */, ); explicitFileTypes = {}; explicitFolders = (); path = Resources; sourceTree = "<group>"; };
		5DC7654E2D6F239600ABBAF4 /* Repositories */ = {isa = PBXFileSystemSynchronizedRootGroup; explicitFileTypes = {}; explicitFolders = (); path = Repositories; sourceTree = "<group>"; };
		5DC765592D6F239700ABBAF4 /* Redactors */ = {isa = PBXFileSystemSynchronizedRootGroup; explicitFileTypes = {}; explicitFolders = (); path = Redactors; sourceTree = "<group>"; };
		5DC7655F2D6F239900ABBAF4 /* Processors */ = {isa = PBXFileSystemSynchronizedRootGroup; explicitFileTypes = {}; explicitFolders = (); path = Processors; sourceTree = "<group>"; };
		5DC765662D6F239B00ABBAF4 /* Networking */ = {isa = PBXFileSystemSynchronizedRootGroup; explicitFileTypes = {}; explicitFolders = (); path = Networking; sourceTree = "<group>"; };
		5DC7657E2D6F239D00ABBAF4 /* Model */ = {isa = PBXFileSystemSynchronizedRootGroup; explicitFileTypes = {}; explicitFolders = (); path = Model; sourceTree = "<group>"; };
		5DC765C72D6F239F00ABBAF4 /* Extensions */ = {isa = PBXFileSystemSynchronizedRootGroup; explicitFileTypes = {}; explicitFolders = (); path = Extensions; sourceTree = "<group>"; };
		5DC765FD2D6F23A100ABBAF4 /* Deeplinking */ = {isa = PBXFileSystemSynchronizedRootGroup; explicitFileTypes = {}; explicitFolders = (); path = Deeplinking; sourceTree = "<group>"; };
		5DC766172D6F23A300ABBAF4 /* Coordinators */ = {isa = PBXFileSystemSynchronizedRootGroup; explicitFileTypes = {}; explicitFolders = (); path = Coordinators; sourceTree = "<group>"; };
		5DC7662D2D6F23A500ABBAF4 /* Clients */ = {isa = PBXFileSystemSynchronizedRootGroup; explicitFileTypes = {}; explicitFolders = (); path = Clients; sourceTree = "<group>"; };
		5DC766322D6F23A700ABBAF4 /* Builders */ = {isa = PBXFileSystemSynchronizedRootGroup; explicitFileTypes = {}; explicitFolders = (); path = Builders; sourceTree = "<group>"; };
/* End PBXFileSystemSynchronizedRootGroup section */

/* Begin PBXFrameworksBuildPhase section */
		5D4B9D312C074207005F126A /* Frameworks */ = {
			isa = PBXFrameworksBuildPhase;
			buildActionMask = 2147483647;
			files = (
				5D4B9D3E2C074227005F126A /* iOSSnapshotTestCase in Frameworks */,
				D0D9B0942D2C240E0051EDDD /* GOVKitTestUtilities in Frameworks */,
			);
			runOnlyForDeploymentPostprocessing = 0;
		};
		5DAD71712BD250DB0075F648 /* Frameworks */ = {
			isa = PBXFrameworksBuildPhase;
			buildActionMask = 2147483647;
			files = (
				5D0B02032C81A7E90013A410 /* Onboarding in Frameworks */,
				5D7F267E2C0F0EF000842090 /* Factory in Frameworks */,
				D0EBFBCE2D109B51000A3151 /* GOVKit in Frameworks */,
				D0EBFBD02D109B51000A3151 /* RecentActivity in Frameworks */,
				5DCAFA7A2D40088600C3F284 /* OneSignalFramework in Frameworks */,
				5DC250602C91D395009E9E7F /* FirebaseAnalyticsWithoutAdIdSupport in Frameworks */,
				5DC165932CF080F50074F2DC /* UIComponents in Frameworks */,
				5DDB31CC2CEF84D100E49259 /* Onboarding in Frameworks */,
				5DC250622C91D395009E9E7F /* FirebaseCrashlytics in Frameworks */,
				5DEAA6EB2D6636D9004DF245 /* Onboarding in Frameworks */,
				5D0278372C29CB5800F2A4EB /* Lottie in Frameworks */,
			);
			runOnlyForDeploymentPostprocessing = 0;
		};
		5DAD71872BD250DF0075F648 /* Frameworks */ = {
			isa = PBXFrameworksBuildPhase;
			buildActionMask = 2147483647;
			files = (
				D0D661A32D285D1B00571841 /* GOVKitTestUtilities in Frameworks */,
			);
			runOnlyForDeploymentPostprocessing = 0;
		};
		5DCAFA5E2D3FE0E800C3F284 /* Frameworks */ = {
			isa = PBXFrameworksBuildPhase;
			buildActionMask = 2147483647;
			files = (
				5DCAFA782D40088600C3F284 /* OneSignalExtension in Frameworks */,
			);
			runOnlyForDeploymentPostprocessing = 0;
		};
/* End PBXFrameworksBuildPhase section */

/* Begin PBXGroup section */
		5D1353A92BE0D75000414441 /* Frameworks */ = {
			isa = PBXGroup;
			children = (
			);
			name = Frameworks;
			sourceTree = "<group>";
		};
		5D30CF982C64A64600361C97 /* TestFlight */ = {
			isa = PBXGroup;
			children = (
				5D30CF972C64A64600361C97 /* WhatToTest.en-GB.txt */,
			);
			path = TestFlight;
			sourceTree = "<group>";
		};
		5DAD716B2BD250DA0075F648 = {
			isa = PBXGroup;
			children = (
				D0EBFBCC2D0C9653000A3151 /* GOVKit */,
				D0EBFBCB2D0C825D000A3151 /* RecentActivity */,
				5DAD71B42BD286730075F648 /* Production */,
				5D9CDE3A2CD928FB0045DFC3 /* Tests */,
				5D30CF982C64A64600361C97 /* TestFlight */,
				5DAD71752BD250DB0075F648 /* Products */,
				5D1353A92BE0D75000414441 /* Frameworks */,
			);
			sourceTree = "<group>";
		};
		5DAD71752BD250DB0075F648 /* Products */ = {
			isa = PBXGroup;
			children = (
				5DAD71742BD250DB0075F648 /* govuk_ios.app */,
				5DAD718A2BD250DF0075F648 /* govuk_ios_unit_tests.xctest */,
				5D4B9D342C074207005F126A /* govuk_ios_snapshot_tests.xctest */,
				5DCAFA612D3FE0E800C3F284 /* govuk_ios_notification_service.appex */,
			);
			name = Products;
			sourceTree = "<group>";
		};
		5DAD71762BD250DB0075F648 /* govuk_ios */ = {
			isa = PBXGroup;
			children = (
				5DC766322D6F23A700ABBAF4 /* Builders */,
				5DC7662D2D6F23A500ABBAF4 /* Clients */,
				5DC766172D6F23A300ABBAF4 /* Coordinators */,
				5DC765FD2D6F23A100ABBAF4 /* Deeplinking */,
				5DC765C72D6F239F00ABBAF4 /* Extensions */,
				5DC7657E2D6F239D00ABBAF4 /* Model */,
				5DC765662D6F239B00ABBAF4 /* Networking */,
				5DC7655F2D6F239900ABBAF4 /* Processors */,
				5DC765592D6F239700ABBAF4 /* Redactors */,
				5DC7654E2D6F239600ABBAF4 /* Repositories */,
				5DC765392D6F239400ABBAF4 /* Resources */,
				5DC765232D6F239200ABBAF4 /* ServiceClients */,
				5DC765152D6F239000ABBAF4 /* Services */,
				5DAD71A72BD254460075F648 /* SupportingFiles */,
				5DC765032D6F238D00ABBAF4 /* SwiftUIViews */,
				5DC764F72D6F238B00ABBAF4 /* Validators */,
				5DC764EA2D6F238900ABBAF4 /* ViewControllers */,
				5DC764CD2D6F238700ABBAF4 /* ViewModels */,
				5DC7649E2D6F238200ABBAF4 /* Views */,
			);
			path = govuk_ios;
			sourceTree = "<group>";
		};
		5DAD71A72BD254460075F648 /* SupportingFiles */ = {
			isa = PBXGroup;
			children = (
				5DAD71772BD250DB0075F648 /* AppDelegate.swift */,
				162DD75A2C247ACE00FA482D /* GoogleService-Info.plist */,
				D0B3EBFD2CE226AC00A8F321 /* GoogleService-Info-Dev.plist */,
				D0B3EBFE2CE226AC00A8F321 /* GoogleService-Info-Live.plist */,
				5D869B852D07428F006B67F8 /* govuk_ios.entitlements */,
				5DCAFA7B2D400C1B00C3F284 /* govuk_ios_dev.entitlements */,
				5DAD71852BD250DE0075F648 /* Info.plist */,
				5D51D15F2C245A1B008AC8E4 /* PrivacyInfo.xcprivacy */,
				5DAD71792BD250DB0075F648 /* SceneDelegate.swift */,
				5D41DB7B2C09BF340011E691 /* Settings.bundle */,
			);
			path = SupportingFiles;
			sourceTree = "<group>";
		};
		5DAD71B42BD286730075F648 /* Production */ = {
			isa = PBXGroup;
			children = (
				5DAD71762BD250DB0075F648 /* govuk_ios */,
				5DCAFA712D3FFB5600C3F284 /* govuk_ios_notification_service */,
			);
			path = Production;
			sourceTree = "<group>";
		};
		5DCAFA712D3FFB5600C3F284 /* govuk_ios_notification_service */ = {
			isa = PBXGroup;
			children = (
				5DB226322D400C88004C2DD4 /* govuk_ios_notification_service.entitlements */,
				5DB226332D400D02004C2DD4 /* govuk_ios_notification_service_dev.entitlements */,
				5DCAFA6F2D3FFB5600C3F284 /* Info.plist */,
				5DCAFA702D3FFB5600C3F284 /* NotificationServiceExtension.swift */,
				5D6E8F0C2D40F43600761AB6 /* NotificationExtensionClient.swift */,
			);
			path = govuk_ios_notification_service;
			sourceTree = "<group>";
		};
/* End PBXGroup section */

/* Begin PBXNativeTarget section */
		5D4B9D332C074207005F126A /* govuk_ios_snapshot_tests */ = {
			isa = PBXNativeTarget;
			buildConfigurationList = 5D4B9D3C2C074207005F126A /* Build configuration list for PBXNativeTarget "govuk_ios_snapshot_tests" */;
			buildPhases = (
				5D4B9D302C074207005F126A /* Sources */,
				5D4B9D312C074207005F126A /* Frameworks */,
				5D4B9D322C074207005F126A /* Resources */,
				5D4B9D402C074227005F126A /* Embed Frameworks */,
			);
			buildRules = (
			);
			dependencies = (
				5D4B9D392C074207005F126A /* PBXTargetDependency */,
			);
			name = govuk_ios_snapshot_tests;
			packageProductDependencies = (
				5D4B9D3D2C074227005F126A /* iOSSnapshotTestCase */,
				D0D9B0932D2C240E0051EDDD /* GOVKitTestUtilities */,
			);
			productName = govuk_ios_snapshot_tests;
			productReference = 5D4B9D342C074207005F126A /* govuk_ios_snapshot_tests.xctest */;
			productType = "com.apple.product-type.bundle.unit-test";
		};
		5DAD71732BD250DB0075F648 /* govuk_ios */ = {
			isa = PBXNativeTarget;
			buildConfigurationList = 5DAD719E2BD250DF0075F648 /* Build configuration list for PBXNativeTarget "govuk_ios" */;
			buildPhases = (
				5D451E212BD69D6600673BC1 /* Lint */,
				5DAD71702BD250DB0075F648 /* Sources */,
				5DAD71712BD250DB0075F648 /* Frameworks */,
				5DAD71722BD250DB0075F648 /* Resources */,
				D0B3EC032CE2629F00A8F321 /* Firebase Configuration */,
				5DCAFA6E2D3FE0E800C3F284 /* Embed Foundation Extensions */,
				160EA7532C5A99CF008F97AF /* Crashlytics */,
			);
			buildRules = (
			);
			dependencies = (
				5DCAFA672D3FE0E800C3F284 /* PBXTargetDependency */,
			);
			fileSystemSynchronizedGroups = (
				5DC7649E2D6F238200ABBAF4 /* Views */,
				5DC764CD2D6F238700ABBAF4 /* ViewModels */,
				5DC764EA2D6F238900ABBAF4 /* ViewControllers */,
				5DC764F72D6F238B00ABBAF4 /* Validators */,
				5DC765032D6F238D00ABBAF4 /* SwiftUIViews */,
				5DC765152D6F239000ABBAF4 /* Services */,
				5DC765232D6F239200ABBAF4 /* ServiceClients */,
				5DC765392D6F239400ABBAF4 /* Resources */,
				5DC7654E2D6F239600ABBAF4 /* Repositories */,
				5DC765592D6F239700ABBAF4 /* Redactors */,
				5DC7655F2D6F239900ABBAF4 /* Processors */,
				5DC765662D6F239B00ABBAF4 /* Networking */,
				5DC7657E2D6F239D00ABBAF4 /* Model */,
				5DC765C72D6F239F00ABBAF4 /* Extensions */,
				5DC765FD2D6F23A100ABBAF4 /* Deeplinking */,
				5DC766172D6F23A300ABBAF4 /* Coordinators */,
				5DC7662D2D6F23A500ABBAF4 /* Clients */,
				5DC766322D6F23A700ABBAF4 /* Builders */,
			);
			name = govuk_ios;
			packageProductDependencies = (
				5D7F267D2C0F0EF000842090 /* Factory */,
				5D0278362C29CB5800F2A4EB /* Lottie */,
				5D0B02022C81A7E90013A410 /* Onboarding */,
				5DC2505F2C91D395009E9E7F /* FirebaseAnalyticsWithoutAdIdSupport */,
				5DC250612C91D395009E9E7F /* FirebaseCrashlytics */,
				5DDB31CB2CEF84D100E49259 /* Onboarding */,
				5DC165922CF080F50074F2DC /* UIComponents */,
				D0EBFBCD2D109B51000A3151 /* GOVKit */,
				D0EBFBCF2D109B51000A3151 /* RecentActivity */,
				5DCAFA792D40088600C3F284 /* OneSignalFramework */,
				5DEAA6EA2D6636D9004DF245 /* Onboarding */,
			);
			productName = GovUK;
			productReference = 5DAD71742BD250DB0075F648 /* govuk_ios.app */;
			productType = "com.apple.product-type.application";
		};
		5DAD71892BD250DF0075F648 /* govuk_ios_unit_tests */ = {
			isa = PBXNativeTarget;
			buildConfigurationList = 5DAD71A12BD250DF0075F648 /* Build configuration list for PBXNativeTarget "govuk_ios_unit_tests" */;
			buildPhases = (
				5DAD71862BD250DF0075F648 /* Sources */,
				5DAD71872BD250DF0075F648 /* Frameworks */,
				5DAD71882BD250DF0075F648 /* Resources */,
			);
			buildRules = (
			);
			dependencies = (
				5DAD718C2BD250DF0075F648 /* PBXTargetDependency */,
			);
			fileSystemSynchronizedGroups = (
				5D9CDE3A2CD928FB0045DFC3 /* Tests */,
			);
			name = govuk_ios_unit_tests;
			packageProductDependencies = (
				D0D661A22D285D1B00571841 /* GOVKitTestUtilities */,
			);
			productName = GovUKTests;
			productReference = 5DAD718A2BD250DF0075F648 /* govuk_ios_unit_tests.xctest */;
			productType = "com.apple.product-type.bundle.unit-test";
		};
		5DCAFA602D3FE0E800C3F284 /* govuk_ios_notification_service */ = {
			isa = PBXNativeTarget;
			buildConfigurationList = 5DCAFA692D3FE0E800C3F284 /* Build configuration list for PBXNativeTarget "govuk_ios_notification_service" */;
			buildPhases = (
				5DCAFA5D2D3FE0E800C3F284 /* Sources */,
				5DCAFA5E2D3FE0E800C3F284 /* Frameworks */,
				5DCAFA5F2D3FE0E800C3F284 /* Resources */,
			);
			buildRules = (
			);
			dependencies = (
			);
			name = govuk_ios_notification_service;
			packageProductDependencies = (
				5DCAFA772D40088600C3F284 /* OneSignalExtension */,
			);
			productName = govuk_ios_notification_service;
			productReference = 5DCAFA612D3FE0E800C3F284 /* govuk_ios_notification_service.appex */;
			productType = "com.apple.product-type.app-extension";
		};
/* End PBXNativeTarget section */

/* Begin PBXProject section */
		5DAD716C2BD250DA0075F648 /* Project object */ = {
			isa = PBXProject;
			attributes = {
				BuildIndependentTargetsInParallel = 1;
				LastSwiftUpdateCheck = 1620;
				LastUpgradeCheck = 1610;
				TargetAttributes = {
					5D4B9D332C074207005F126A = {
						CreatedOnToolsVersion = 15.4;
						TestTargetID = 5DAD71732BD250DB0075F648;
					};
					5DAD71732BD250DB0075F648 = {
						CreatedOnToolsVersion = 15.3;
					};
					5DAD71892BD250DF0075F648 = {
						CreatedOnToolsVersion = 15.3;
						TestTargetID = 5DAD71732BD250DB0075F648;
					};
					5DCAFA602D3FE0E800C3F284 = {
						CreatedOnToolsVersion = 16.2;
					};
				};
			};
			buildConfigurationList = 5DAD716F2BD250DA0075F648 /* Build configuration list for PBXProject "GovUK" */;
			compatibilityVersion = "Xcode 14.0";
			developmentRegion = "en-GB";
			hasScannedForEncodings = 0;
			knownRegions = (
				Base,
				"en-GB",
			);
			mainGroup = 5DAD716B2BD250DA0075F648;
			packageReferences = (
				5D89226D2C071FE70019FBD7 /* XCRemoteSwiftPackageReference "ios-snapshot-test-case" */,
				5D7F267C2C0F0EF000842090 /* XCRemoteSwiftPackageReference "Factory" */,
				5D0278352C29CB5800F2A4EB /* XCRemoteSwiftPackageReference "lottie-ios" */,
				5DC2505E2C91D395009E9E7F /* XCRemoteSwiftPackageReference "firebase-ios-sdk" */,
				5DC165912CF080F50074F2DC /* XCRemoteSwiftPackageReference "govuk-mobile-ios-ui-components" */,
				5DCAFA762D40088600C3F284 /* XCRemoteSwiftPackageReference "OneSignal-XCFramework" */,
				5DEAA6E92D6636D9004DF245 /* XCRemoteSwiftPackageReference "govuk-mobile-ios-onboarding" */,
			);
			productRefGroup = 5DAD71752BD250DB0075F648 /* Products */;
			projectDirPath = "";
			projectRoot = "";
			targets = (
				5DAD71732BD250DB0075F648 /* govuk_ios */,
				5DCAFA602D3FE0E800C3F284 /* govuk_ios_notification_service */,
				5DAD71892BD250DF0075F648 /* govuk_ios_unit_tests */,
				5D4B9D332C074207005F126A /* govuk_ios_snapshot_tests */,
			);
		};
/* End PBXProject section */

/* Begin PBXResourcesBuildPhase section */
		5D4B9D322C074207005F126A /* Resources */ = {
			isa = PBXResourcesBuildPhase;
			buildActionMask = 2147483647;
			files = (
			);
			runOnlyForDeploymentPostprocessing = 0;
		};
		5DAD71722BD250DB0075F648 /* Resources */ = {
			isa = PBXResourcesBuildPhase;
			buildActionMask = 2147483647;
			files = (
				5D51D1602C245AAC008AC8E4 /* PrivacyInfo.xcprivacy in Resources */,
				5D41DB7C2C09BF340011E691 /* Settings.bundle in Resources */,
				162DD75B2C247ACE00FA482D /* GoogleService-Info.plist in Resources */,
			);
			runOnlyForDeploymentPostprocessing = 0;
		};
		5DAD71882BD250DF0075F648 /* Resources */ = {
			isa = PBXResourcesBuildPhase;
			buildActionMask = 2147483647;
			files = (
			);
			runOnlyForDeploymentPostprocessing = 0;
		};
		5DCAFA5F2D3FE0E800C3F284 /* Resources */ = {
			isa = PBXResourcesBuildPhase;
			buildActionMask = 2147483647;
			files = (
			);
			runOnlyForDeploymentPostprocessing = 0;
		};
/* End PBXResourcesBuildPhase section */

/* Begin PBXShellScriptBuildPhase section */
		160EA7532C5A99CF008F97AF /* Crashlytics */ = {
			isa = PBXShellScriptBuildPhase;
			alwaysOutOfDate = 1;
			buildActionMask = 2147483647;
			files = (
			);
			inputFileListPaths = (
			);
			inputPaths = (
				"${DWARF_DSYM_FOLDER_PATH}/${DWARF_DSYM_FILE_NAME}",
				"${DWARF_DSYM_FOLDER_PATH}/${DWARF_DSYM_FILE_NAME}/Contents/Resources/DWARF/${PRODUCT_NAME}",
				"${DWARF_DSYM_FOLDER_PATH}/${DWARF_DSYM_FILE_NAME}/Contents/Info.plist",
				"$(TARGET_BUILD_DIR)/$(UNLOCALIZED_RESOURCES_FOLDER_PATH)/GoogleService-Info.plist",
				"$(TARGET_BUILD_DIR)/$(EXECUTABLE_PATH)",
			);
			name = Crashlytics;
			outputFileListPaths = (
			);
			outputPaths = (
			);
			runOnlyForDeploymentPostprocessing = 0;
			shellPath = /bin/sh;
			shellScript = "\"${BUILD_DIR%/Build/*}/SourcePackages/checkouts/firebase-ios-sdk/Crashlytics/run\"\n";
		};
		5D451E212BD69D6600673BC1 /* Lint */ = {
			isa = PBXShellScriptBuildPhase;
			alwaysOutOfDate = 1;
			buildActionMask = 2147483647;
			files = (
			);
			inputFileListPaths = (
			);
			inputPaths = (
			);
			name = Lint;
			outputFileListPaths = (
			);
			outputPaths = (
			);
			runOnlyForDeploymentPostprocessing = 0;
			shellPath = /bin/sh;
			shellScript = "if test -d \"/opt/homebrew/bin/\"; then\n  PATH=\"/opt/homebrew/bin/:${PATH}\"\nfi\n\nif which swiftlint >/dev/null; then\n  swiftlint --strict\nfi\n";
		};
		D0B3EC032CE2629F00A8F321 /* Firebase Configuration */ = {
			isa = PBXShellScriptBuildPhase;
			alwaysOutOfDate = 1;
			buildActionMask = 2147483647;
			files = (
			);
			inputFileListPaths = (
			);
			inputPaths = (
			);
			name = "Firebase Configuration";
			outputFileListPaths = (
			);
			outputPaths = (
			);
			runOnlyForDeploymentPostprocessing = 0;
			shellPath = /bin/sh;
			shellScript = "if [ \"$CONFIGURATION\" == \"Release\" ]; then\n  cp \"${PROJECT_DIR}/Production/govuk_ios/SupportingFiles/GoogleService-Info-Live.plist\" \"${BUILT_PRODUCTS_DIR}/${PRODUCT_NAME}.app/GoogleService-Info.plist\"\nelse\n  cp \"${PROJECT_DIR}/Production/govuk_ios/SupportingFiles/GoogleService-Info-Dev.plist\" \"${BUILT_PRODUCTS_DIR}/${PRODUCT_NAME}.app/GoogleService-Info.plist\"\nfi\n";
		};
/* End PBXShellScriptBuildPhase section */

/* Begin PBXSourcesBuildPhase section */
		5D4B9D302C074207005F126A /* Sources */ = {
			isa = PBXSourcesBuildPhase;
			buildActionMask = 2147483647;
			files = (
			);
			runOnlyForDeploymentPostprocessing = 0;
		};
		5DAD71702BD250DB0075F648 /* Sources */ = {
			isa = PBXSourcesBuildPhase;
			buildActionMask = 2147483647;
			files = (
				5DAD71782BD250DB0075F648 /* AppDelegate.swift in Sources */,
				5DAD717A2BD250DB0075F648 /* SceneDelegate.swift in Sources */,
			);
			runOnlyForDeploymentPostprocessing = 0;
		};
		5DAD71862BD250DF0075F648 /* Sources */ = {
			isa = PBXSourcesBuildPhase;
			buildActionMask = 2147483647;
			files = (
			);
			runOnlyForDeploymentPostprocessing = 0;
		};
		5DCAFA5D2D3FE0E800C3F284 /* Sources */ = {
			isa = PBXSourcesBuildPhase;
			buildActionMask = 2147483647;
			files = (
				5DCAFA732D3FFB5600C3F284 /* NotificationServiceExtension.swift in Sources */,
				5D6E8F0D2D40F43600761AB6 /* NotificationExtensionClient.swift in Sources */,
			);
			runOnlyForDeploymentPostprocessing = 0;
		};
/* End PBXSourcesBuildPhase section */

/* Begin PBXTargetDependency section */
		5D4B9D392C074207005F126A /* PBXTargetDependency */ = {
			isa = PBXTargetDependency;
			target = 5DAD71732BD250DB0075F648 /* govuk_ios */;
			targetProxy = 5D4B9D382C074207005F126A /* PBXContainerItemProxy */;
		};
		5DAD718C2BD250DF0075F648 /* PBXTargetDependency */ = {
			isa = PBXTargetDependency;
			target = 5DAD71732BD250DB0075F648 /* govuk_ios */;
			targetProxy = 5DAD718B2BD250DF0075F648 /* PBXContainerItemProxy */;
		};
		5DCAFA672D3FE0E800C3F284 /* PBXTargetDependency */ = {
			isa = PBXTargetDependency;
			target = 5DCAFA602D3FE0E800C3F284 /* govuk_ios_notification_service */;
			targetProxy = 5DCAFA662D3FE0E800C3F284 /* PBXContainerItemProxy */;
		};
/* End PBXTargetDependency section */

/* Begin XCBuildConfiguration section */
		5D4B9D3A2C074207005F126A /* Debug */ = {
			isa = XCBuildConfiguration;
			baseConfigurationReferenceAnchor = 5DC765392D6F239400ABBAF4 /* Resources */;
			baseConfigurationReferenceRelativePath = Config/Debug.xcconfig;
			buildSettings = {
				BUNDLE_LOADER = "$(TEST_HOST)";
				CODE_SIGN_STYLE = Automatic;
				CURRENT_PROJECT_VERSION = 1;
				DEVELOPMENT_TEAM = N8W395F695;
				GENERATE_INFOPLIST_FILE = YES;
				IPHONEOS_DEPLOYMENT_TARGET = 16.0;
				MARKETING_VERSION = 1.0;
				PRODUCT_BUNDLE_IDENTIFIER = uk.gov.govuk.snapshot;
				PRODUCT_NAME = "$(TARGET_NAME)";
				SUPPORTED_PLATFORMS = "iphoneos iphonesimulator";
				SUPPORTS_MACCATALYST = NO;
				SUPPORTS_MAC_DESIGNED_FOR_IPHONE_IPAD = NO;
				SUPPORTS_XR_DESIGNED_FOR_IPHONE_IPAD = NO;
				SWIFT_EMIT_LOC_STRINGS = NO;
				SWIFT_VERSION = 5.0;
				TARGETED_DEVICE_FAMILY = "1,2";
				TEST_HOST = "$(BUILT_PRODUCTS_DIR)/govuk_ios.app/$(BUNDLE_EXECUTABLE_FOLDER_PATH)/govuk_ios";
			};
			name = Debug;
		};
		5D4B9D3B2C074207005F126A /* Release */ = {
			isa = XCBuildConfiguration;
			baseConfigurationReferenceAnchor = 5DC765392D6F239400ABBAF4 /* Resources */;
			baseConfigurationReferenceRelativePath = Config/Release.xcconfig;
			buildSettings = {
				BUNDLE_LOADER = "$(TEST_HOST)";
				CODE_SIGN_STYLE = Automatic;
				CURRENT_PROJECT_VERSION = 1;
				DEVELOPMENT_TEAM = N8W395F695;
				GENERATE_INFOPLIST_FILE = YES;
				IPHONEOS_DEPLOYMENT_TARGET = 16.0;
				MARKETING_VERSION = 1.0;
				PRODUCT_BUNDLE_IDENTIFIER = uk.gov.govuk.snapshot;
				PRODUCT_NAME = "$(TARGET_NAME)";
				SUPPORTED_PLATFORMS = "iphoneos iphonesimulator";
				SUPPORTS_MACCATALYST = NO;
				SUPPORTS_MAC_DESIGNED_FOR_IPHONE_IPAD = NO;
				SUPPORTS_XR_DESIGNED_FOR_IPHONE_IPAD = NO;
				SWIFT_EMIT_LOC_STRINGS = NO;
				SWIFT_VERSION = 5.0;
				TARGETED_DEVICE_FAMILY = "1,2";
				TEST_HOST = "$(BUILT_PRODUCTS_DIR)/govuk_ios.app/$(BUNDLE_EXECUTABLE_FOLDER_PATH)/govuk_ios";
			};
			name = Release;
		};
		5DAD719C2BD250DF0075F648 /* Debug */ = {
			isa = XCBuildConfiguration;
			baseConfigurationReferenceAnchor = 5DC765392D6F239400ABBAF4 /* Resources */;
			baseConfigurationReferenceRelativePath = Config/Debug.xcconfig;
			buildSettings = {
				ALWAYS_SEARCH_USER_PATHS = NO;
				ASSETCATALOG_COMPILER_GENERATE_SWIFT_ASSET_SYMBOL_EXTENSIONS = YES;
				CLANG_ANALYZER_LOCALIZABILITY_NONLOCALIZED = YES;
				CLANG_ANALYZER_NONNULL = YES;
				CLANG_ANALYZER_NUMBER_OBJECT_CONVERSION = YES_AGGRESSIVE;
				CLANG_CXX_LANGUAGE_STANDARD = "gnu++20";
				CLANG_ENABLE_MODULES = YES;
				CLANG_ENABLE_OBJC_ARC = YES;
				CLANG_ENABLE_OBJC_WEAK = YES;
				CLANG_WARN_BLOCK_CAPTURE_AUTORELEASING = YES;
				CLANG_WARN_BOOL_CONVERSION = YES;
				CLANG_WARN_COMMA = YES;
				CLANG_WARN_CONSTANT_CONVERSION = YES;
				CLANG_WARN_DEPRECATED_OBJC_IMPLEMENTATIONS = YES;
				CLANG_WARN_DIRECT_OBJC_ISA_USAGE = YES_ERROR;
				CLANG_WARN_DOCUMENTATION_COMMENTS = YES;
				CLANG_WARN_EMPTY_BODY = YES;
				CLANG_WARN_ENUM_CONVERSION = YES;
				CLANG_WARN_INFINITE_RECURSION = YES;
				CLANG_WARN_INT_CONVERSION = YES;
				CLANG_WARN_NON_LITERAL_NULL_CONVERSION = YES;
				CLANG_WARN_OBJC_IMPLICIT_RETAIN_SELF = YES;
				CLANG_WARN_OBJC_LITERAL_CONVERSION = YES;
				CLANG_WARN_OBJC_ROOT_CLASS = YES_ERROR;
				CLANG_WARN_QUOTED_INCLUDE_IN_FRAMEWORK_HEADER = YES;
				CLANG_WARN_RANGE_LOOP_ANALYSIS = YES;
				CLANG_WARN_STRICT_PROTOTYPES = YES;
				CLANG_WARN_SUSPICIOUS_MOVE = YES;
				CLANG_WARN_UNGUARDED_AVAILABILITY = YES_AGGRESSIVE;
				CLANG_WARN_UNREACHABLE_CODE = YES;
				CLANG_WARN__DUPLICATE_METHOD_MATCH = YES;
				COPY_PHASE_STRIP = NO;
				DEBUG_INFORMATION_FORMAT = "dwarf-with-dsym";
				ENABLE_STRICT_OBJC_MSGSEND = YES;
				ENABLE_TESTABILITY = YES;
				ENABLE_USER_SCRIPT_SANDBOXING = YES;
				GCC_C_LANGUAGE_STANDARD = gnu17;
				GCC_DYNAMIC_NO_PIC = NO;
				GCC_NO_COMMON_BLOCKS = YES;
				GCC_OPTIMIZATION_LEVEL = 0;
				GCC_PREPROCESSOR_DEFINITIONS = (
					"DEBUG=1",
					"$(inherited)",
				);
				GCC_WARN_64_TO_32_BIT_CONVERSION = YES;
				GCC_WARN_ABOUT_RETURN_TYPE = YES_ERROR;
				GCC_WARN_UNDECLARED_SELECTOR = YES;
				GCC_WARN_UNINITIALIZED_AUTOS = YES_AGGRESSIVE;
				GCC_WARN_UNUSED_FUNCTION = YES;
				GCC_WARN_UNUSED_VARIABLE = YES;
				INFOPLIST_FILE = "";
				IPHONEOS_DEPLOYMENT_TARGET = 14.1;
				LOCALIZATION_PREFERS_STRING_CATALOGS = YES;
				MTL_ENABLE_DEBUG_INFO = INCLUDE_SOURCE;
				MTL_FAST_MATH = YES;
				ONLY_ACTIVE_ARCH = YES;
				SDKROOT = iphoneos;
				SWIFT_ACTIVE_COMPILATION_CONDITIONS = "DEBUG $(inherited)";
				SWIFT_EMIT_LOC_STRINGS = YES;
				SWIFT_OPTIMIZATION_LEVEL = "-Onone";
			};
			name = Debug;
		};
		5DAD719D2BD250DF0075F648 /* Release */ = {
			isa = XCBuildConfiguration;
			baseConfigurationReferenceAnchor = 5DC765392D6F239400ABBAF4 /* Resources */;
			baseConfigurationReferenceRelativePath = Config/Release.xcconfig;
			buildSettings = {
				ALWAYS_SEARCH_USER_PATHS = NO;
				ASSETCATALOG_COMPILER_GENERATE_SWIFT_ASSET_SYMBOL_EXTENSIONS = YES;
				CLANG_ANALYZER_LOCALIZABILITY_NONLOCALIZED = YES;
				CLANG_ANALYZER_NONNULL = YES;
				CLANG_ANALYZER_NUMBER_OBJECT_CONVERSION = YES_AGGRESSIVE;
				CLANG_CXX_LANGUAGE_STANDARD = "gnu++20";
				CLANG_ENABLE_MODULES = YES;
				CLANG_ENABLE_OBJC_ARC = YES;
				CLANG_ENABLE_OBJC_WEAK = YES;
				CLANG_WARN_BLOCK_CAPTURE_AUTORELEASING = YES;
				CLANG_WARN_BOOL_CONVERSION = YES;
				CLANG_WARN_COMMA = YES;
				CLANG_WARN_CONSTANT_CONVERSION = YES;
				CLANG_WARN_DEPRECATED_OBJC_IMPLEMENTATIONS = YES;
				CLANG_WARN_DIRECT_OBJC_ISA_USAGE = YES_ERROR;
				CLANG_WARN_DOCUMENTATION_COMMENTS = YES;
				CLANG_WARN_EMPTY_BODY = YES;
				CLANG_WARN_ENUM_CONVERSION = YES;
				CLANG_WARN_INFINITE_RECURSION = YES;
				CLANG_WARN_INT_CONVERSION = YES;
				CLANG_WARN_NON_LITERAL_NULL_CONVERSION = YES;
				CLANG_WARN_OBJC_IMPLICIT_RETAIN_SELF = YES;
				CLANG_WARN_OBJC_LITERAL_CONVERSION = YES;
				CLANG_WARN_OBJC_ROOT_CLASS = YES_ERROR;
				CLANG_WARN_QUOTED_INCLUDE_IN_FRAMEWORK_HEADER = YES;
				CLANG_WARN_RANGE_LOOP_ANALYSIS = YES;
				CLANG_WARN_STRICT_PROTOTYPES = YES;
				CLANG_WARN_SUSPICIOUS_MOVE = YES;
				CLANG_WARN_UNGUARDED_AVAILABILITY = YES_AGGRESSIVE;
				CLANG_WARN_UNREACHABLE_CODE = YES;
				CLANG_WARN__DUPLICATE_METHOD_MATCH = YES;
				COPY_PHASE_STRIP = NO;
				DEBUG_INFORMATION_FORMAT = "dwarf-with-dsym";
				ENABLE_NS_ASSERTIONS = NO;
				ENABLE_STRICT_OBJC_MSGSEND = YES;
				ENABLE_USER_SCRIPT_SANDBOXING = YES;
				GCC_C_LANGUAGE_STANDARD = gnu17;
				GCC_NO_COMMON_BLOCKS = YES;
				GCC_WARN_64_TO_32_BIT_CONVERSION = YES;
				GCC_WARN_ABOUT_RETURN_TYPE = YES_ERROR;
				GCC_WARN_UNDECLARED_SELECTOR = YES;
				GCC_WARN_UNINITIALIZED_AUTOS = YES_AGGRESSIVE;
				GCC_WARN_UNUSED_FUNCTION = YES;
				GCC_WARN_UNUSED_VARIABLE = YES;
				INFOPLIST_FILE = "";
				"INFOPLIST_FILE[sdk=*]" = "";
				IPHONEOS_DEPLOYMENT_TARGET = 14.1;
				LOCALIZATION_PREFERS_STRING_CATALOGS = YES;
				MTL_ENABLE_DEBUG_INFO = NO;
				MTL_FAST_MATH = YES;
				SDKROOT = iphoneos;
				SWIFT_COMPILATION_MODE = wholemodule;
				SWIFT_EMIT_LOC_STRINGS = YES;
				VALIDATE_PRODUCT = YES;
			};
			name = Release;
		};
		5DAD719F2BD250DF0075F648 /* Debug */ = {
			isa = XCBuildConfiguration;
			baseConfigurationReferenceAnchor = 5DC765392D6F239400ABBAF4 /* Resources */;
			baseConfigurationReferenceRelativePath = Config/Debug.xcconfig;
			buildSettings = {
				ASSETCATALOG_COMPILER_APPICON_NAME = AppIcon;
				ASSETCATALOG_COMPILER_GLOBAL_ACCENT_COLOR_NAME = AccentColor;
				CODE_SIGN_ENTITLEMENTS = Production/govuk_ios/SupportingFiles/govuk_ios_dev.entitlements;
				CODE_SIGN_IDENTITY = "Apple Development";
				CODE_SIGN_STYLE = Automatic;
				CURRENT_PROJECT_VERSION = 1;
				DEVELOPMENT_TEAM = N8W395F695;
				ENABLE_USER_SCRIPT_SANDBOXING = NO;
				GENERATE_INFOPLIST_FILE = YES;
				INFOPLIST_FILE = Production/govuk_ios/SupportingFiles/Info.plist;
				INFOPLIST_KEY_CFBundleDisplayName = GOV.UK;
				INFOPLIST_KEY_UIApplicationSupportsIndirectInputEvents = YES;
				INFOPLIST_KEY_UILaunchStoryboardName = "";
				INFOPLIST_KEY_UIMainStoryboardFile = "";
				INFOPLIST_KEY_UISupportedInterfaceOrientations_iPad = "UIInterfaceOrientationPortrait UIInterfaceOrientationPortraitUpsideDown UIInterfaceOrientationLandscapeLeft UIInterfaceOrientationLandscapeRight";
				INFOPLIST_KEY_UISupportedInterfaceOrientations_iPhone = "UIInterfaceOrientationPortrait UIInterfaceOrientationLandscapeLeft UIInterfaceOrientationLandscapeRight";
				IPHONEOS_DEPLOYMENT_TARGET = 16.0;
				LD_RUNPATH_SEARCH_PATHS = (
					"$(inherited)",
					"@executable_path/Frameworks",
				);
				MARKETING_VERSION = 0.0.1;
				ONESIGNAL_APP_ID = "4c235189-5c5f-4a71-8385-2549fc36419f";
				PRODUCT_BUNDLE_IDENTIFIER = uk.gov.govuk.dev;
				PRODUCT_NAME = "$(TARGET_NAME)";
				PROVISIONING_PROFILE_SPECIFIER = "";
				SUPPORTED_PLATFORMS = "iphoneos iphonesimulator";
				SUPPORTS_MACCATALYST = NO;
				SUPPORTS_MAC_DESIGNED_FOR_IPHONE_IPAD = NO;
				SUPPORTS_XR_DESIGNED_FOR_IPHONE_IPAD = NO;
				SWIFT_EMIT_LOC_STRINGS = YES;
				SWIFT_VERSION = 5.0;
				TARGETED_DEVICE_FAMILY = "1,2";
			};
			name = Debug;
		};
		5DAD71A02BD250DF0075F648 /* Release */ = {
			isa = XCBuildConfiguration;
			baseConfigurationReferenceAnchor = 5DC765392D6F239400ABBAF4 /* Resources */;
			baseConfigurationReferenceRelativePath = Config/Release.xcconfig;
			buildSettings = {
				ASSETCATALOG_COMPILER_APPICON_NAME = AppIcon;
				ASSETCATALOG_COMPILER_GLOBAL_ACCENT_COLOR_NAME = AccentColor;
				CODE_SIGN_ENTITLEMENTS = Production/govuk_ios/SupportingFiles/govuk_ios.entitlements;
				"CODE_SIGN_IDENTITY[sdk=iphoneos*]" = "iPhone Distribution";
				CODE_SIGN_STYLE = Manual;
				CURRENT_PROJECT_VERSION = 1;
				DEVELOPMENT_TEAM = N8W395F695;
				"DEVELOPMENT_TEAM[sdk=iphoneos*]" = N8W395F695;
				ENABLE_USER_SCRIPT_SANDBOXING = NO;
				GENERATE_INFOPLIST_FILE = YES;
				INFOPLIST_FILE = Production/govuk_ios/SupportingFiles/Info.plist;
				INFOPLIST_KEY_CFBundleDisplayName = GOV.UK;
				INFOPLIST_KEY_UIApplicationSupportsIndirectInputEvents = YES;
				INFOPLIST_KEY_UILaunchStoryboardName = "";
				INFOPLIST_KEY_UIMainStoryboardFile = "";
				INFOPLIST_KEY_UISupportedInterfaceOrientations_iPad = "UIInterfaceOrientationPortrait UIInterfaceOrientationPortraitUpsideDown UIInterfaceOrientationLandscapeLeft UIInterfaceOrientationLandscapeRight";
				INFOPLIST_KEY_UISupportedInterfaceOrientations_iPhone = "UIInterfaceOrientationPortrait UIInterfaceOrientationLandscapeLeft UIInterfaceOrientationLandscapeRight";
				IPHONEOS_DEPLOYMENT_TARGET = 16.0;
				LD_RUNPATH_SEARCH_PATHS = (
					"$(inherited)",
					"@executable_path/Frameworks",
				);
				MARKETING_VERSION = 0.0.1;
				ONESIGNAL_APP_ID = "";
				PRODUCT_BUNDLE_IDENTIFIER = uk.gov.govuk;
				PRODUCT_NAME = "$(TARGET_NAME)";
				PROVISIONING_PROFILE_SPECIFIER = "match AppStore uk.gov.govuk";
				"PROVISIONING_PROFILE_SPECIFIER[sdk=iphoneos*]" = "match AppStore uk.gov.govuk";
				SUPPORTED_PLATFORMS = "iphoneos iphonesimulator";
				SUPPORTS_MACCATALYST = NO;
				SUPPORTS_MAC_DESIGNED_FOR_IPHONE_IPAD = NO;
				SUPPORTS_XR_DESIGNED_FOR_IPHONE_IPAD = NO;
				SWIFT_EMIT_LOC_STRINGS = YES;
				SWIFT_VERSION = 5.0;
				TARGETED_DEVICE_FAMILY = "1,2";
			};
			name = Release;
		};
		5DAD71A22BD250DF0075F648 /* Debug */ = {
			isa = XCBuildConfiguration;
			baseConfigurationReferenceAnchor = 5DC765392D6F239400ABBAF4 /* Resources */;
			baseConfigurationReferenceRelativePath = Config/Debug.xcconfig;
			buildSettings = {
				BUNDLE_LOADER = "$(TEST_HOST)";
				CODE_SIGN_STYLE = Automatic;
				CURRENT_PROJECT_VERSION = 1;
				DEVELOPMENT_TEAM = N8W395F695;
				GENERATE_INFOPLIST_FILE = YES;
				IPHONEOS_DEPLOYMENT_TARGET = 16.0;
				MARKETING_VERSION = 1.0;
				PRODUCT_BUNDLE_IDENTIFIER = uk.gov.govuk.unit;
				PRODUCT_NAME = "$(TARGET_NAME)";
				SUPPORTED_PLATFORMS = "iphoneos iphonesimulator";
				SUPPORTS_MACCATALYST = NO;
				SUPPORTS_MAC_DESIGNED_FOR_IPHONE_IPAD = NO;
				SUPPORTS_XR_DESIGNED_FOR_IPHONE_IPAD = NO;
				SWIFT_EMIT_LOC_STRINGS = NO;
				SWIFT_VERSION = 5.0;
				TARGETED_DEVICE_FAMILY = "1,2";
				TEST_HOST = "$(BUILT_PRODUCTS_DIR)/govuk_ios.app/$(BUNDLE_EXECUTABLE_FOLDER_PATH)/govuk_ios";
			};
			name = Debug;
		};
		5DAD71A32BD250DF0075F648 /* Release */ = {
			isa = XCBuildConfiguration;
			baseConfigurationReferenceAnchor = 5DC765392D6F239400ABBAF4 /* Resources */;
			baseConfigurationReferenceRelativePath = Config/Release.xcconfig;
			buildSettings = {
				BUNDLE_LOADER = "$(TEST_HOST)";
				CODE_SIGN_STYLE = Automatic;
				CURRENT_PROJECT_VERSION = 1;
				DEVELOPMENT_TEAM = N8W395F695;
				GENERATE_INFOPLIST_FILE = YES;
				IPHONEOS_DEPLOYMENT_TARGET = 16.0;
				MARKETING_VERSION = 1.0;
				PRODUCT_BUNDLE_IDENTIFIER = uk.gov.govuk.unit;
				PRODUCT_NAME = "$(TARGET_NAME)";
				SUPPORTED_PLATFORMS = "iphoneos iphonesimulator";
				SUPPORTS_MACCATALYST = NO;
				SUPPORTS_MAC_DESIGNED_FOR_IPHONE_IPAD = NO;
				SUPPORTS_XR_DESIGNED_FOR_IPHONE_IPAD = NO;
				SWIFT_EMIT_LOC_STRINGS = NO;
				SWIFT_VERSION = 5.0;
				TARGETED_DEVICE_FAMILY = "1,2";
				TEST_HOST = "$(BUILT_PRODUCTS_DIR)/govuk_ios.app/$(BUNDLE_EXECUTABLE_FOLDER_PATH)/govuk_ios";
			};
			name = Release;
		};
		5DCAFA6A2D3FE0E800C3F284 /* Debug */ = {
			isa = XCBuildConfiguration;
			buildSettings = {
				CODE_SIGN_ENTITLEMENTS = Production/govuk_ios_notification_service/govuk_ios_notification_service_dev.entitlements;
				CODE_SIGN_IDENTITY = "Apple Development";
				CODE_SIGN_STYLE = Automatic;
				CURRENT_PROJECT_VERSION = 1;
				DEBUG_INFORMATION_FORMAT = dwarf;
				DEVELOPMENT_TEAM = N8W395F695;
				GENERATE_INFOPLIST_FILE = YES;
				INFOPLIST_FILE = Production/govuk_ios_notification_service/Info.plist;
				INFOPLIST_KEY_CFBundleDisplayName = govuk_ios_notification_service;
				INFOPLIST_KEY_NSHumanReadableCopyright = "";
				IPHONEOS_DEPLOYMENT_TARGET = 16.0;
				LD_RUNPATH_SEARCH_PATHS = (
					"$(inherited)",
					"@executable_path/Frameworks",
					"@executable_path/../../Frameworks",
				);
				MARKETING_VERSION = 0.0.1;
				PRODUCT_BUNDLE_IDENTIFIER = "uk.gov.govuk.dev.notification-service";
				PRODUCT_NAME = "$(TARGET_NAME)";
				SKIP_INSTALL = YES;
				SUPPORTED_PLATFORMS = "iphoneos iphonesimulator";
				SUPPORTS_MACCATALYST = NO;
				SUPPORTS_MAC_DESIGNED_FOR_IPHONE_IPAD = NO;
				SUPPORTS_XR_DESIGNED_FOR_IPHONE_IPAD = NO;
				SWIFT_EMIT_LOC_STRINGS = YES;
				SWIFT_VERSION = 5.0;
				TARGETED_DEVICE_FAMILY = "1,2";
			};
			name = Debug;
		};
		5DCAFA6B2D3FE0E800C3F284 /* Alpha */ = {
			isa = XCBuildConfiguration;
			buildSettings = {
				CODE_SIGN_ENTITLEMENTS = Production/govuk_ios_notification_service/govuk_ios_notification_service_dev.entitlements;
				CODE_SIGN_IDENTITY = "Apple Development";
				"CODE_SIGN_IDENTITY[sdk=iphoneos*]" = "iPhone Distribution";
				CODE_SIGN_STYLE = Manual;
				CURRENT_PROJECT_VERSION = 1;
				DEVELOPMENT_TEAM = "";
				"DEVELOPMENT_TEAM[sdk=iphoneos*]" = N8W395F695;
				GENERATE_INFOPLIST_FILE = YES;
				INFOPLIST_FILE = Production/govuk_ios_notification_service/Info.plist;
				INFOPLIST_KEY_CFBundleDisplayName = govuk_ios_notification_service;
				INFOPLIST_KEY_NSHumanReadableCopyright = "";
				IPHONEOS_DEPLOYMENT_TARGET = 16.0;
				LD_RUNPATH_SEARCH_PATHS = (
					"$(inherited)",
					"@executable_path/Frameworks",
					"@executable_path/../../Frameworks",
				);
				MARKETING_VERSION = 0.0.1;
				PRODUCT_BUNDLE_IDENTIFIER = "uk.gov.govuk.dev.notification-service";
				PRODUCT_NAME = "$(TARGET_NAME)";
				PROVISIONING_PROFILE_SPECIFIER = "";
				"PROVISIONING_PROFILE_SPECIFIER[sdk=iphoneos*]" = "match AdHoc uk.gov.govuk.dev.notification-service";
				SKIP_INSTALL = YES;
				SUPPORTED_PLATFORMS = "iphoneos iphonesimulator";
				SUPPORTS_MACCATALYST = NO;
				SUPPORTS_MAC_DESIGNED_FOR_IPHONE_IPAD = NO;
				SUPPORTS_XR_DESIGNED_FOR_IPHONE_IPAD = NO;
				SWIFT_EMIT_LOC_STRINGS = YES;
				SWIFT_VERSION = 5.0;
				TARGETED_DEVICE_FAMILY = "1,2";
			};
			name = Alpha;
		};
		5DCAFA6C2D3FE0E800C3F284 /* Release */ = {
			isa = XCBuildConfiguration;
			buildSettings = {
				CODE_SIGN_ENTITLEMENTS = Production/govuk_ios_notification_service/govuk_ios_notification_service.entitlements;
				"CODE_SIGN_IDENTITY[sdk=iphoneos*]" = "iPhone Distribution";
				CODE_SIGN_STYLE = Manual;
				CURRENT_PROJECT_VERSION = 1;
				DEVELOPMENT_TEAM = "";
				"DEVELOPMENT_TEAM[sdk=iphoneos*]" = N8W395F695;
				GENERATE_INFOPLIST_FILE = YES;
				INFOPLIST_FILE = Production/govuk_ios_notification_service/Info.plist;
				INFOPLIST_KEY_CFBundleDisplayName = govuk_ios_notification_service;
				INFOPLIST_KEY_NSHumanReadableCopyright = "";
				IPHONEOS_DEPLOYMENT_TARGET = 16.0;
				LD_RUNPATH_SEARCH_PATHS = (
					"$(inherited)",
					"@executable_path/Frameworks",
					"@executable_path/../../Frameworks",
				);
				MARKETING_VERSION = 0.0.1;
				PRODUCT_BUNDLE_IDENTIFIER = "uk.gov.govuk.notification-service";
				PRODUCT_NAME = "$(TARGET_NAME)";
				PROVISIONING_PROFILE_SPECIFIER = "";
				"PROVISIONING_PROFILE_SPECIFIER[sdk=iphoneos*]" = "match AppStore uk.gov.govuk.notification-service";
				SKIP_INSTALL = YES;
				SUPPORTED_PLATFORMS = "iphoneos iphonesimulator";
				SUPPORTS_MACCATALYST = NO;
				SUPPORTS_MAC_DESIGNED_FOR_IPHONE_IPAD = NO;
				SUPPORTS_XR_DESIGNED_FOR_IPHONE_IPAD = NO;
				SWIFT_EMIT_LOC_STRINGS = YES;
				SWIFT_VERSION = 5.0;
				TARGETED_DEVICE_FAMILY = "1,2";
			};
			name = Release;
		};
		D01005302CEC9FCE0013CBD0 /* Alpha */ = {
			isa = XCBuildConfiguration;
			baseConfigurationReferenceAnchor = 5DC765392D6F239400ABBAF4 /* Resources */;
			baseConfigurationReferenceRelativePath = Config/Alpha.xcconfig;
			buildSettings = {
				ALWAYS_SEARCH_USER_PATHS = NO;
				ASSETCATALOG_COMPILER_GENERATE_SWIFT_ASSET_SYMBOL_EXTENSIONS = YES;
				CLANG_ANALYZER_LOCALIZABILITY_NONLOCALIZED = YES;
				CLANG_ANALYZER_NONNULL = YES;
				CLANG_ANALYZER_NUMBER_OBJECT_CONVERSION = YES_AGGRESSIVE;
				CLANG_CXX_LANGUAGE_STANDARD = "gnu++20";
				CLANG_ENABLE_MODULES = YES;
				CLANG_ENABLE_OBJC_ARC = YES;
				CLANG_ENABLE_OBJC_WEAK = YES;
				CLANG_WARN_BLOCK_CAPTURE_AUTORELEASING = YES;
				CLANG_WARN_BOOL_CONVERSION = YES;
				CLANG_WARN_COMMA = YES;
				CLANG_WARN_CONSTANT_CONVERSION = YES;
				CLANG_WARN_DEPRECATED_OBJC_IMPLEMENTATIONS = YES;
				CLANG_WARN_DIRECT_OBJC_ISA_USAGE = YES_ERROR;
				CLANG_WARN_DOCUMENTATION_COMMENTS = YES;
				CLANG_WARN_EMPTY_BODY = YES;
				CLANG_WARN_ENUM_CONVERSION = YES;
				CLANG_WARN_INFINITE_RECURSION = YES;
				CLANG_WARN_INT_CONVERSION = YES;
				CLANG_WARN_NON_LITERAL_NULL_CONVERSION = YES;
				CLANG_WARN_OBJC_IMPLICIT_RETAIN_SELF = YES;
				CLANG_WARN_OBJC_LITERAL_CONVERSION = YES;
				CLANG_WARN_OBJC_ROOT_CLASS = YES_ERROR;
				CLANG_WARN_QUOTED_INCLUDE_IN_FRAMEWORK_HEADER = YES;
				CLANG_WARN_RANGE_LOOP_ANALYSIS = YES;
				CLANG_WARN_STRICT_PROTOTYPES = YES;
				CLANG_WARN_SUSPICIOUS_MOVE = YES;
				CLANG_WARN_UNGUARDED_AVAILABILITY = YES_AGGRESSIVE;
				CLANG_WARN_UNREACHABLE_CODE = YES;
				CLANG_WARN__DUPLICATE_METHOD_MATCH = YES;
				COPY_PHASE_STRIP = NO;
				DEBUG_INFORMATION_FORMAT = "dwarf-with-dsym";
				ENABLE_STRICT_OBJC_MSGSEND = YES;
				ENABLE_TESTABILITY = YES;
				ENABLE_USER_SCRIPT_SANDBOXING = YES;
				GCC_C_LANGUAGE_STANDARD = gnu17;
				GCC_DYNAMIC_NO_PIC = NO;
				GCC_NO_COMMON_BLOCKS = YES;
				GCC_OPTIMIZATION_LEVEL = 0;
				GCC_PREPROCESSOR_DEFINITIONS = (
					"DEBUG=1",
					"$(inherited)",
				);
				GCC_WARN_64_TO_32_BIT_CONVERSION = YES;
				GCC_WARN_ABOUT_RETURN_TYPE = YES_ERROR;
				GCC_WARN_UNDECLARED_SELECTOR = YES;
				GCC_WARN_UNINITIALIZED_AUTOS = YES_AGGRESSIVE;
				GCC_WARN_UNUSED_FUNCTION = YES;
				GCC_WARN_UNUSED_VARIABLE = YES;
				INFOPLIST_FILE = "";
				IPHONEOS_DEPLOYMENT_TARGET = 14.1;
				LOCALIZATION_PREFERS_STRING_CATALOGS = YES;
				MTL_ENABLE_DEBUG_INFO = INCLUDE_SOURCE;
				MTL_FAST_MATH = YES;
				ONLY_ACTIVE_ARCH = YES;
				SDKROOT = iphoneos;
				SWIFT_ACTIVE_COMPILATION_CONDITIONS = "DEBUG $(inherited)";
				SWIFT_EMIT_LOC_STRINGS = YES;
				SWIFT_OPTIMIZATION_LEVEL = "-Onone";
			};
			name = Alpha;
		};
		D01005312CEC9FCE0013CBD0 /* Alpha */ = {
			isa = XCBuildConfiguration;
			baseConfigurationReferenceAnchor = 5DC765392D6F239400ABBAF4 /* Resources */;
			baseConfigurationReferenceRelativePath = Config/Alpha.xcconfig;
			buildSettings = {
				ASSETCATALOG_COMPILER_APPICON_NAME = AppIcon;
				ASSETCATALOG_COMPILER_GLOBAL_ACCENT_COLOR_NAME = AccentColor;
				CODE_SIGN_ENTITLEMENTS = Production/govuk_ios/SupportingFiles/govuk_ios_dev.entitlements;
				CODE_SIGN_IDENTITY = "Apple Development";
				"CODE_SIGN_IDENTITY[sdk=iphoneos*]" = "iPhone Distribution";
				CODE_SIGN_STYLE = Manual;
				CURRENT_PROJECT_VERSION = 1;
				DEVELOPMENT_TEAM = "";
				"DEVELOPMENT_TEAM[sdk=iphoneos*]" = N8W395F695;
				ENABLE_USER_SCRIPT_SANDBOXING = NO;
				GENERATE_INFOPLIST_FILE = YES;
				INFOPLIST_FILE = Production/govuk_ios/SupportingFiles/Info.plist;
				INFOPLIST_KEY_CFBundleDisplayName = GOV.UK;
				INFOPLIST_KEY_UIApplicationSupportsIndirectInputEvents = YES;
				INFOPLIST_KEY_UILaunchStoryboardName = "";
				INFOPLIST_KEY_UIMainStoryboardFile = "";
				INFOPLIST_KEY_UISupportedInterfaceOrientations_iPad = "UIInterfaceOrientationPortrait UIInterfaceOrientationPortraitUpsideDown UIInterfaceOrientationLandscapeLeft UIInterfaceOrientationLandscapeRight";
				INFOPLIST_KEY_UISupportedInterfaceOrientations_iPhone = "UIInterfaceOrientationPortrait UIInterfaceOrientationLandscapeLeft UIInterfaceOrientationLandscapeRight";
				IPHONEOS_DEPLOYMENT_TARGET = 16.0;
				LD_RUNPATH_SEARCH_PATHS = (
					"$(inherited)",
					"@executable_path/Frameworks",
				);
				MARKETING_VERSION = 0.0.1;
				ONESIGNAL_APP_ID = "4c235189-5c5f-4a71-8385-2549fc36419f";
				PRODUCT_BUNDLE_IDENTIFIER = uk.gov.govuk.dev;
				PRODUCT_NAME = "$(TARGET_NAME)";
				PROVISIONING_PROFILE_SPECIFIER = "";
				"PROVISIONING_PROFILE_SPECIFIER[sdk=iphoneos*]" = "match AdHoc uk.gov.govuk.dev";
				SUPPORTED_PLATFORMS = "iphoneos iphonesimulator";
				SUPPORTS_MACCATALYST = NO;
				SUPPORTS_MAC_DESIGNED_FOR_IPHONE_IPAD = NO;
				SUPPORTS_XR_DESIGNED_FOR_IPHONE_IPAD = NO;
				SWIFT_EMIT_LOC_STRINGS = YES;
				SWIFT_VERSION = 5.0;
				TARGETED_DEVICE_FAMILY = "1,2";
			};
			name = Alpha;
		};
		D01005322CEC9FCE0013CBD0 /* Alpha */ = {
			isa = XCBuildConfiguration;
			baseConfigurationReferenceAnchor = 5DC765392D6F239400ABBAF4 /* Resources */;
			baseConfigurationReferenceRelativePath = Config/Alpha.xcconfig;
			buildSettings = {
				BUNDLE_LOADER = "$(TEST_HOST)";
				CODE_SIGN_STYLE = Automatic;
				CURRENT_PROJECT_VERSION = 1;
				DEVELOPMENT_TEAM = N8W395F695;
				GENERATE_INFOPLIST_FILE = YES;
				IPHONEOS_DEPLOYMENT_TARGET = 16.0;
				MARKETING_VERSION = 1.0;
				PRODUCT_BUNDLE_IDENTIFIER = uk.gov.govuk.unit;
				PRODUCT_NAME = "$(TARGET_NAME)";
				SUPPORTED_PLATFORMS = "iphoneos iphonesimulator";
				SUPPORTS_MACCATALYST = NO;
				SUPPORTS_MAC_DESIGNED_FOR_IPHONE_IPAD = NO;
				SUPPORTS_XR_DESIGNED_FOR_IPHONE_IPAD = NO;
				SWIFT_EMIT_LOC_STRINGS = NO;
				SWIFT_VERSION = 5.0;
				TARGETED_DEVICE_FAMILY = "1,2";
				TEST_HOST = "$(BUILT_PRODUCTS_DIR)/govuk_ios.app/$(BUNDLE_EXECUTABLE_FOLDER_PATH)/govuk_ios";
			};
			name = Alpha;
		};
		D01005332CEC9FCE0013CBD0 /* Alpha */ = {
			isa = XCBuildConfiguration;
			baseConfigurationReferenceAnchor = 5DC765392D6F239400ABBAF4 /* Resources */;
			baseConfigurationReferenceRelativePath = Config/Alpha.xcconfig;
			buildSettings = {
				BUNDLE_LOADER = "$(TEST_HOST)";
				CODE_SIGN_STYLE = Automatic;
				CURRENT_PROJECT_VERSION = 1;
				DEVELOPMENT_TEAM = N8W395F695;
				GENERATE_INFOPLIST_FILE = YES;
				IPHONEOS_DEPLOYMENT_TARGET = 16.0;
				MARKETING_VERSION = 1.0;
				PRODUCT_BUNDLE_IDENTIFIER = uk.gov.govuk.snapshot;
				PRODUCT_NAME = "$(TARGET_NAME)";
				SUPPORTED_PLATFORMS = "iphoneos iphonesimulator";
				SUPPORTS_MACCATALYST = NO;
				SUPPORTS_MAC_DESIGNED_FOR_IPHONE_IPAD = NO;
				SUPPORTS_XR_DESIGNED_FOR_IPHONE_IPAD = NO;
				SWIFT_EMIT_LOC_STRINGS = NO;
				SWIFT_VERSION = 5.0;
				TARGETED_DEVICE_FAMILY = "1,2";
				TEST_HOST = "$(BUILT_PRODUCTS_DIR)/govuk_ios.app/$(BUNDLE_EXECUTABLE_FOLDER_PATH)/govuk_ios";
			};
			name = Alpha;
		};
/* End XCBuildConfiguration section */

/* Begin XCConfigurationList section */
		5D4B9D3C2C074207005F126A /* Build configuration list for PBXNativeTarget "govuk_ios_snapshot_tests" */ = {
			isa = XCConfigurationList;
			buildConfigurations = (
				5D4B9D3A2C074207005F126A /* Debug */,
				D01005332CEC9FCE0013CBD0 /* Alpha */,
				5D4B9D3B2C074207005F126A /* Release */,
			);
			defaultConfigurationIsVisible = 0;
			defaultConfigurationName = Release;
		};
		5DAD716F2BD250DA0075F648 /* Build configuration list for PBXProject "GovUK" */ = {
			isa = XCConfigurationList;
			buildConfigurations = (
				5DAD719C2BD250DF0075F648 /* Debug */,
				D01005302CEC9FCE0013CBD0 /* Alpha */,
				5DAD719D2BD250DF0075F648 /* Release */,
			);
			defaultConfigurationIsVisible = 0;
			defaultConfigurationName = Release;
		};
		5DAD719E2BD250DF0075F648 /* Build configuration list for PBXNativeTarget "govuk_ios" */ = {
			isa = XCConfigurationList;
			buildConfigurations = (
				5DAD719F2BD250DF0075F648 /* Debug */,
				D01005312CEC9FCE0013CBD0 /* Alpha */,
				5DAD71A02BD250DF0075F648 /* Release */,
			);
			defaultConfigurationIsVisible = 0;
			defaultConfigurationName = Release;
		};
		5DAD71A12BD250DF0075F648 /* Build configuration list for PBXNativeTarget "govuk_ios_unit_tests" */ = {
			isa = XCConfigurationList;
			buildConfigurations = (
				5DAD71A22BD250DF0075F648 /* Debug */,
				D01005322CEC9FCE0013CBD0 /* Alpha */,
				5DAD71A32BD250DF0075F648 /* Release */,
			);
			defaultConfigurationIsVisible = 0;
			defaultConfigurationName = Release;
		};
		5DCAFA692D3FE0E800C3F284 /* Build configuration list for PBXNativeTarget "govuk_ios_notification_service" */ = {
			isa = XCConfigurationList;
			buildConfigurations = (
				5DCAFA6A2D3FE0E800C3F284 /* Debug */,
				5DCAFA6B2D3FE0E800C3F284 /* Alpha */,
				5DCAFA6C2D3FE0E800C3F284 /* Release */,
			);
			defaultConfigurationIsVisible = 0;
			defaultConfigurationName = Release;
		};
/* End XCConfigurationList section */

/* Begin XCRemoteSwiftPackageReference section */
		5D0278352C29CB5800F2A4EB /* XCRemoteSwiftPackageReference "lottie-ios" */ = {
			isa = XCRemoteSwiftPackageReference;
			repositoryURL = "https://github.com/airbnb/lottie-ios";
			requirement = {
				kind = upToNextMajorVersion;
				minimumVersion = 4.4.3;
			};
		};
		5D7F267C2C0F0EF000842090 /* XCRemoteSwiftPackageReference "Factory" */ = {
			isa = XCRemoteSwiftPackageReference;
			repositoryURL = "https://github.com/hmlongco/Factory";
			requirement = {
				kind = exactVersion;
				version = 2.3.2;
			};
		};
		5D89226D2C071FE70019FBD7 /* XCRemoteSwiftPackageReference "ios-snapshot-test-case" */ = {
			isa = XCRemoteSwiftPackageReference;
			repositoryURL = "https://github.com/uber/ios-snapshot-test-case";
			requirement = {
				kind = upToNextMajorVersion;
				minimumVersion = 8.0.0;
			};
		};
		5DC165912CF080F50074F2DC /* XCRemoteSwiftPackageReference "govuk-mobile-ios-ui-components" */ = {
			isa = XCRemoteSwiftPackageReference;
			repositoryURL = "https://github.com/alphagov/govuk-mobile-ios-ui-components";
			requirement = {
				branch = develop;
				kind = branch;
			};
		};
		5DC2505E2C91D395009E9E7F /* XCRemoteSwiftPackageReference "firebase-ios-sdk" */ = {
			isa = XCRemoteSwiftPackageReference;
			repositoryURL = "https://github.com/firebase/firebase-ios-sdk";
			requirement = {
				kind = upToNextMajorVersion;
				minimumVersion = 11.2.0;
			};
		};
		5DCAFA762D40088600C3F284 /* XCRemoteSwiftPackageReference "OneSignal-XCFramework" */ = {
			isa = XCRemoteSwiftPackageReference;
			repositoryURL = "https://github.com/OneSignal/OneSignal-XCFramework";
			requirement = {
				kind = upToNextMajorVersion;
				minimumVersion = 5.2.9;
			};
		};
		5DEAA6E92D6636D9004DF245 /* XCRemoteSwiftPackageReference "govuk-mobile-ios-onboarding" */ = {
			isa = XCRemoteSwiftPackageReference;
			repositoryURL = "https://github.com/alphagov/govuk-mobile-ios-onboarding";
			requirement = {
				branch = develop;
				kind = branch;
			};
		};
/* End XCRemoteSwiftPackageReference section */

/* Begin XCSwiftPackageProductDependency section */
		5D0278362C29CB5800F2A4EB /* Lottie */ = {
			isa = XCSwiftPackageProductDependency;
			package = 5D0278352C29CB5800F2A4EB /* XCRemoteSwiftPackageReference "lottie-ios" */;
			productName = Lottie;
		};
		5D0B02022C81A7E90013A410 /* Onboarding */ = {
			isa = XCSwiftPackageProductDependency;
			productName = Onboarding;
		};
		5D4B9D3D2C074227005F126A /* iOSSnapshotTestCase */ = {
			isa = XCSwiftPackageProductDependency;
			package = 5D89226D2C071FE70019FBD7 /* XCRemoteSwiftPackageReference "ios-snapshot-test-case" */;
			productName = iOSSnapshotTestCase;
		};
		5D7F267D2C0F0EF000842090 /* Factory */ = {
			isa = XCSwiftPackageProductDependency;
			package = 5D7F267C2C0F0EF000842090 /* XCRemoteSwiftPackageReference "Factory" */;
			productName = Factory;
		};
		5DC165922CF080F50074F2DC /* UIComponents */ = {
			isa = XCSwiftPackageProductDependency;
			package = 5DC165912CF080F50074F2DC /* XCRemoteSwiftPackageReference "govuk-mobile-ios-ui-components" */;
			productName = UIComponents;
		};
		5DC2505F2C91D395009E9E7F /* FirebaseAnalyticsWithoutAdIdSupport */ = {
			isa = XCSwiftPackageProductDependency;
			package = 5DC2505E2C91D395009E9E7F /* XCRemoteSwiftPackageReference "firebase-ios-sdk" */;
			productName = FirebaseAnalyticsWithoutAdIdSupport;
		};
		5DC250612C91D395009E9E7F /* FirebaseCrashlytics */ = {
			isa = XCSwiftPackageProductDependency;
			package = 5DC2505E2C91D395009E9E7F /* XCRemoteSwiftPackageReference "firebase-ios-sdk" */;
			productName = FirebaseCrashlytics;
		};
		5DCAFA772D40088600C3F284 /* OneSignalExtension */ = {
			isa = XCSwiftPackageProductDependency;
			package = 5DCAFA762D40088600C3F284 /* XCRemoteSwiftPackageReference "OneSignal-XCFramework" */;
			productName = OneSignalExtension;
		};
		5DCAFA792D40088600C3F284 /* OneSignalFramework */ = {
			isa = XCSwiftPackageProductDependency;
			package = 5DCAFA762D40088600C3F284 /* XCRemoteSwiftPackageReference "OneSignal-XCFramework" */;
			productName = OneSignalFramework;
		};
		5DDB31CB2CEF84D100E49259 /* Onboarding */ = {
			isa = XCSwiftPackageProductDependency;
			productName = Onboarding;
		};
		5DEAA6EA2D6636D9004DF245 /* Onboarding */ = {
			isa = XCSwiftPackageProductDependency;
			package = 5DEAA6E92D6636D9004DF245 /* XCRemoteSwiftPackageReference "govuk-mobile-ios-onboarding" */;
			productName = Onboarding;
		};
		D0D661A22D285D1B00571841 /* GOVKitTestUtilities */ = {
			isa = XCSwiftPackageProductDependency;
			productName = GOVKitTestUtilities;
		};
		D0D9B0932D2C240E0051EDDD /* GOVKitTestUtilities */ = {
			isa = XCSwiftPackageProductDependency;
			productName = GOVKitTestUtilities;
		};
		D0EBFBCD2D109B51000A3151 /* GOVKit */ = {
			isa = XCSwiftPackageProductDependency;
			productName = GOVKit;
		};
		D0EBFBCF2D109B51000A3151 /* RecentActivity */ = {
			isa = XCSwiftPackageProductDependency;
			productName = RecentActivity;
		};
/* End XCSwiftPackageProductDependency section */
	};
	rootObject = 5DAD716C2BD250DA0075F648 /* Project object */;
}
