// !$*UTF8*$!
{
	archiveVersion = 1;
	classes = {
	};
	objectVersion = 56;
	objects = {

/* Begin PBXBuildFile section */
		5DAD71782BD250DB0075F648 /* AppDelegate.swift in Sources */ = {isa = PBXBuildFile; fileRef = 5DAD71772BD250DB0075F648 /* AppDelegate.swift */; };
		5DAD717A2BD250DB0075F648 /* SceneDelegate.swift in Sources */ = {isa = PBXBuildFile; fileRef = 5DAD71792BD250DB0075F648 /* SceneDelegate.swift */; };
		5DAD717C2BD250DB0075F648 /* ViewController.swift in Sources */ = {isa = PBXBuildFile; fileRef = 5DAD717B2BD250DB0075F648 /* ViewController.swift */; };
		5DAD717F2BD250DB0075F648 /* Base in Resources */ = {isa = PBXBuildFile; fileRef = 5DAD717E2BD250DB0075F648 /* Base */; };
		5DAD71812BD250DE0075F648 /* Assets.xcassets in Resources */ = {isa = PBXBuildFile; fileRef = 5DAD71802BD250DE0075F648 /* Assets.xcassets */; };
		5DAD71842BD250DE0075F648 /* Base in Resources */ = {isa = PBXBuildFile; fileRef = 5DAD71832BD250DE0075F648 /* Base */; };
		5DAD718F2BD250DF0075F648 /* GovUKTests.swift in Sources */ = {isa = PBXBuildFile; fileRef = 5DAD718E2BD250DF0075F648 /* GovUKTests.swift */; };
		5DAD71992BD250DF0075F648 /* GovUKUITests.swift in Sources */ = {isa = PBXBuildFile; fileRef = 5DAD71982BD250DF0075F648 /* GovUKUITests.swift */; };
		5DAD719B2BD250DF0075F648 /* GovUKUITestsLaunchTests.swift in Sources */ = {isa = PBXBuildFile; fileRef = 5DAD719A2BD250DF0075F648 /* GovUKUITestsLaunchTests.swift */; };
/* End PBXBuildFile section */

/* Begin PBXContainerItemProxy section */
		5DAD718B2BD250DF0075F648 /* PBXContainerItemProxy */ = {
			isa = PBXContainerItemProxy;
			containerPortal = 5DAD716C2BD250DA0075F648 /* Project object */;
			proxyType = 1;
			remoteGlobalIDString = 5DAD71732BD250DB0075F648;
			remoteInfo = GovUK;
		};
		5DAD71952BD250DF0075F648 /* PBXContainerItemProxy */ = {
			isa = PBXContainerItemProxy;
			containerPortal = 5DAD716C2BD250DA0075F648 /* Project object */;
			proxyType = 1;
			remoteGlobalIDString = 5DAD71732BD250DB0075F648;
			remoteInfo = GovUK;
		};
/* End PBXContainerItemProxy section */

/* Begin PBXFileReference section */
		5DAD71742BD250DB0075F648 /* GovUK.app */ = {isa = PBXFileReference; explicitFileType = wrapper.application; includeInIndex = 0; path = GovUK.app; sourceTree = BUILT_PRODUCTS_DIR; };
		5DAD71772BD250DB0075F648 /* AppDelegate.swift */ = {isa = PBXFileReference; lastKnownFileType = sourcecode.swift; path = AppDelegate.swift; sourceTree = "<group>"; };
		5DAD71792BD250DB0075F648 /* SceneDelegate.swift */ = {isa = PBXFileReference; lastKnownFileType = sourcecode.swift; path = SceneDelegate.swift; sourceTree = "<group>"; };
		5DAD717B2BD250DB0075F648 /* ViewController.swift */ = {isa = PBXFileReference; lastKnownFileType = sourcecode.swift; path = ViewController.swift; sourceTree = "<group>"; };
		5DAD717E2BD250DB0075F648 /* Base */ = {isa = PBXFileReference; lastKnownFileType = file.storyboard; name = Base; path = Base.lproj/Main.storyboard; sourceTree = "<group>"; };
		5DAD71802BD250DE0075F648 /* Assets.xcassets */ = {isa = PBXFileReference; lastKnownFileType = folder.assetcatalog; path = Assets.xcassets; sourceTree = "<group>"; };
		5DAD71832BD250DE0075F648 /* Base */ = {isa = PBXFileReference; lastKnownFileType = file.storyboard; name = Base; path = Base.lproj/LaunchScreen.storyboard; sourceTree = "<group>"; };
		5DAD71852BD250DE0075F648 /* Info.plist */ = {isa = PBXFileReference; lastKnownFileType = text.plist.xml; path = Info.plist; sourceTree = "<group>"; };
		5DAD718A2BD250DF0075F648 /* GovUKTests.xctest */ = {isa = PBXFileReference; explicitFileType = wrapper.cfbundle; includeInIndex = 0; path = GovUKTests.xctest; sourceTree = BUILT_PRODUCTS_DIR; };
		5DAD718E2BD250DF0075F648 /* GovUKTests.swift */ = {isa = PBXFileReference; lastKnownFileType = sourcecode.swift; path = GovUKTests.swift; sourceTree = "<group>"; };
		5DAD71942BD250DF0075F648 /* GovUKUITests.xctest */ = {isa = PBXFileReference; explicitFileType = wrapper.cfbundle; includeInIndex = 0; path = GovUKUITests.xctest; sourceTree = BUILT_PRODUCTS_DIR; };
		5DAD71982BD250DF0075F648 /* GovUKUITests.swift */ = {isa = PBXFileReference; lastKnownFileType = sourcecode.swift; path = GovUKUITests.swift; sourceTree = "<group>"; };
		5DAD719A2BD250DF0075F648 /* GovUKUITestsLaunchTests.swift */ = {isa = PBXFileReference; lastKnownFileType = sourcecode.swift; path = GovUKUITestsLaunchTests.swift; sourceTree = "<group>"; };
/* End PBXFileReference section */

/* Begin PBXFrameworksBuildPhase section */
		5DAD71712BD250DB0075F648 /* Frameworks */ = {
			isa = PBXFrameworksBuildPhase;
			buildActionMask = 2147483647;
			files = (
			);
			runOnlyForDeploymentPostprocessing = 0;
		};
		5DAD71872BD250DF0075F648 /* Frameworks */ = {
			isa = PBXFrameworksBuildPhase;
			buildActionMask = 2147483647;
			files = (
			);
			runOnlyForDeploymentPostprocessing = 0;
		};
		5DAD71912BD250DF0075F648 /* Frameworks */ = {
			isa = PBXFrameworksBuildPhase;
			buildActionMask = 2147483647;
			files = (
			);
			runOnlyForDeploymentPostprocessing = 0;
		};
/* End PBXFrameworksBuildPhase section */

/* Begin PBXGroup section */
		5DAD716B2BD250DA0075F648 = {
			isa = PBXGroup;
			children = (
				5DAD71762BD250DB0075F648 /* GovUK */,
				5DAD718D2BD250DF0075F648 /* GovUKTests */,
				5DAD71972BD250DF0075F648 /* GovUKUITests */,
				5DAD71752BD250DB0075F648 /* Products */,
			);
			sourceTree = "<group>";
		};
		5DAD71752BD250DB0075F648 /* Products */ = {
			isa = PBXGroup;
			children = (
				5DAD71742BD250DB0075F648 /* GovUK.app */,
				5DAD718A2BD250DF0075F648 /* GovUKTests.xctest */,
				5DAD71942BD250DF0075F648 /* GovUKUITests.xctest */,
			);
			name = Products;
			sourceTree = "<group>";
		};
		5DAD71762BD250DB0075F648 /* GovUK */ = {
			isa = PBXGroup;
			children = (
				5DAD71AA2BD2548B0075F648 /* Resources */,
				5DAD71A92BD2547F0075F648 /* Storyboards */,
				5DAD71A72BD254460075F648 /* SupportingFiles */,
				5DAD71A82BD254730075F648 /* ViewControllers */,
			);
			path = GovUK;
			sourceTree = "<group>";
		};
		5DAD718D2BD250DF0075F648 /* GovUKTests */ = {
			isa = PBXGroup;
			children = (
				5DAD718E2BD250DF0075F648 /* GovUKTests.swift */,
			);
			path = GovUKTests;
			sourceTree = "<group>";
		};
		5DAD71972BD250DF0075F648 /* GovUKUITests */ = {
			isa = PBXGroup;
			children = (
				5DAD71982BD250DF0075F648 /* GovUKUITests.swift */,
				5DAD719A2BD250DF0075F648 /* GovUKUITestsLaunchTests.swift */,
			);
			path = GovUKUITests;
			sourceTree = "<group>";
		};
		5DAD71A72BD254460075F648 /* SupportingFiles */ = {
			isa = PBXGroup;
			children = (
				5DAD71772BD250DB0075F648 /* AppDelegate.swift */,
				5DAD71792BD250DB0075F648 /* SceneDelegate.swift */,
				5DAD71852BD250DE0075F648 /* Info.plist */,
			);
			path = SupportingFiles;
			sourceTree = "<group>";
		};
		5DAD71A82BD254730075F648 /* ViewControllers */ = {
			isa = PBXGroup;
			children = (
				5DAD717B2BD250DB0075F648 /* ViewController.swift */,
			);
			path = ViewControllers;
			sourceTree = "<group>";
		};
		5DAD71A92BD2547F0075F648 /* Storyboards */ = {
			isa = PBXGroup;
			children = (
				5DAD717D2BD250DB0075F648 /* Main.storyboard */,
				5DAD71822BD250DE0075F648 /* LaunchScreen.storyboard */,
			);
			path = Storyboards;
			sourceTree = "<group>";
		};
		5DAD71AA2BD2548B0075F648 /* Resources */ = {
			isa = PBXGroup;
			children = (
				5DAD71802BD250DE0075F648 /* Assets.xcassets */,
			);
			path = Resources;
			sourceTree = "<group>";
		};
/* End PBXGroup section */

/* Begin PBXNativeTarget section */
		5DAD71732BD250DB0075F648 /* GovUK */ = {
			isa = PBXNativeTarget;
			buildConfigurationList = 5DAD719E2BD250DF0075F648 /* Build configuration list for PBXNativeTarget "GovUK" */;
			buildPhases = (
				5DAD71702BD250DB0075F648 /* Sources */,
				5DAD71712BD250DB0075F648 /* Frameworks */,
				5DAD71722BD250DB0075F648 /* Resources */,
			);
			buildRules = (
			);
			dependencies = (
			);
			name = GovUK;
			productName = GovUK;
			productReference = 5DAD71742BD250DB0075F648 /* GovUK.app */;
			productType = "com.apple.product-type.application";
		};
		5DAD71892BD250DF0075F648 /* GovUKTests */ = {
			isa = PBXNativeTarget;
			buildConfigurationList = 5DAD71A12BD250DF0075F648 /* Build configuration list for PBXNativeTarget "GovUKTests" */;
			buildPhases = (
				5DAD71862BD250DF0075F648 /* Sources */,
				5DAD71872BD250DF0075F648 /* Frameworks */,
				5DAD71882BD250DF0075F648 /* Resources */,
			);
			buildRules = (
			);
			dependencies = (
				5DAD718C2BD250DF0075F648 /* PBXTargetDependency */,
			);
			name = GovUKTests;
			productName = GovUKTests;
			productReference = 5DAD718A2BD250DF0075F648 /* GovUKTests.xctest */;
			productType = "com.apple.product-type.bundle.unit-test";
		};
		5DAD71932BD250DF0075F648 /* GovUKUITests */ = {
			isa = PBXNativeTarget;
			buildConfigurationList = 5DAD71A42BD250DF0075F648 /* Build configuration list for PBXNativeTarget "GovUKUITests" */;
			buildPhases = (
				5DAD71902BD250DF0075F648 /* Sources */,
				5DAD71912BD250DF0075F648 /* Frameworks */,
				5DAD71922BD250DF0075F648 /* Resources */,
			);
			buildRules = (
			);
			dependencies = (
				5DAD71962BD250DF0075F648 /* PBXTargetDependency */,
			);
			name = GovUKUITests;
			productName = GovUKUITests;
			productReference = 5DAD71942BD250DF0075F648 /* GovUKUITests.xctest */;
			productType = "com.apple.product-type.bundle.ui-testing";
		};
/* End PBXNativeTarget section */

/* Begin PBXProject section */
		5DAD716C2BD250DA0075F648 /* Project object */ = {
			isa = PBXProject;
			attributes = {
				BuildIndependentTargetsInParallel = 1;
				LastSwiftUpdateCheck = 1530;
				LastUpgradeCheck = 1530;
				TargetAttributes = {
					5DAD71732BD250DB0075F648 = {
						CreatedOnToolsVersion = 15.3;
					};
					5DAD71892BD250DF0075F648 = {
						CreatedOnToolsVersion = 15.3;
						TestTargetID = 5DAD71732BD250DB0075F648;
					};
					5DAD71932BD250DF0075F648 = {
						CreatedOnToolsVersion = 15.3;
						TestTargetID = 5DAD71732BD250DB0075F648;
					};
				};
			};
			buildConfigurationList = 5DAD716F2BD250DA0075F648 /* Build configuration list for PBXProject "GovUK" */;
			compatibilityVersion = "Xcode 14.0";
			developmentRegion = en;
			hasScannedForEncodings = 0;
			knownRegions = (
				en,
				Base,
			);
			mainGroup = 5DAD716B2BD250DA0075F648;
			productRefGroup = 5DAD71752BD250DB0075F648 /* Products */;
			projectDirPath = "";
			projectRoot = "";
			targets = (
				5DAD71732BD250DB0075F648 /* GovUK */,
				5DAD71892BD250DF0075F648 /* GovUKTests */,
				5DAD71932BD250DF0075F648 /* GovUKUITests */,
			);
		};
/* End PBXProject section */

/* Begin PBXResourcesBuildPhase section */
		5DAD71722BD250DB0075F648 /* Resources */ = {
			isa = PBXResourcesBuildPhase;
			buildActionMask = 2147483647;
			files = (
				5DAD71812BD250DE0075F648 /* Assets.xcassets in Resources */,
				5DAD71842BD250DE0075F648 /* Base in Resources */,
				5DAD717F2BD250DB0075F648 /* Base in Resources */,
			);
			runOnlyForDeploymentPostprocessing = 0;
		};
		5DAD71882BD250DF0075F648 /* Resources */ = {
			isa = PBXResourcesBuildPhase;
			buildActionMask = 2147483647;
			files = (
			);
			runOnlyForDeploymentPostprocessing = 0;
		};
		5DAD71922BD250DF0075F648 /* Resources */ = {
			isa = PBXResourcesBuildPhase;
			buildActionMask = 2147483647;
			files = (
			);
			runOnlyForDeploymentPostprocessing = 0;
		};
/* End PBXResourcesBuildPhase section */

/* Begin PBXSourcesBuildPhase section */
		5DAD71702BD250DB0075F648 /* Sources */ = {
			isa = PBXSourcesBuildPhase;
			buildActionMask = 2147483647;
			files = (
				5DAD717C2BD250DB0075F648 /* ViewController.swift in Sources */,
				5DAD71782BD250DB0075F648 /* AppDelegate.swift in Sources */,
				5DAD717A2BD250DB0075F648 /* SceneDelegate.swift in Sources */,
			);
			runOnlyForDeploymentPostprocessing = 0;
		};
		5DAD71862BD250DF0075F648 /* Sources */ = {
			isa = PBXSourcesBuildPhase;
			buildActionMask = 2147483647;
			files = (
				5DAD718F2BD250DF0075F648 /* GovUKTests.swift in Sources */,
			);
			runOnlyForDeploymentPostprocessing = 0;
		};
		5DAD71902BD250DF0075F648 /* Sources */ = {
			isa = PBXSourcesBuildPhase;
			buildActionMask = 2147483647;
			files = (
				5DAD71992BD250DF0075F648 /* GovUKUITests.swift in Sources */,
				5DAD719B2BD250DF0075F648 /* GovUKUITestsLaunchTests.swift in Sources */,
			);
			runOnlyForDeploymentPostprocessing = 0;
		};
/* End PBXSourcesBuildPhase section */

/* Begin PBXTargetDependency section */
		5DAD718C2BD250DF0075F648 /* PBXTargetDependency */ = {
			isa = PBXTargetDependency;
			target = 5DAD71732BD250DB0075F648 /* GovUK */;
			targetProxy = 5DAD718B2BD250DF0075F648 /* PBXContainerItemProxy */;
		};
		5DAD71962BD250DF0075F648 /* PBXTargetDependency */ = {
			isa = PBXTargetDependency;
			target = 5DAD71732BD250DB0075F648 /* GovUK */;
			targetProxy = 5DAD71952BD250DF0075F648 /* PBXContainerItemProxy */;
		};
/* End PBXTargetDependency section */

/* Begin PBXVariantGroup section */
		5DAD717D2BD250DB0075F648 /* Main.storyboard */ = {
			isa = PBXVariantGroup;
			children = (
				5DAD717E2BD250DB0075F648 /* Base */,
			);
			name = Main.storyboard;
			sourceTree = "<group>";
		};
		5DAD71822BD250DE0075F648 /* LaunchScreen.storyboard */ = {
			isa = PBXVariantGroup;
			children = (
				5DAD71832BD250DE0075F648 /* Base */,
			);
			name = LaunchScreen.storyboard;
			sourceTree = "<group>";
		};
/* End PBXVariantGroup section */

/* Begin XCBuildConfiguration section */
		5DAD719C2BD250DF0075F648 /* Debug */ = {
			isa = XCBuildConfiguration;
			buildSettings = {
				ALWAYS_SEARCH_USER_PATHS = NO;
				ASSETCATALOG_COMPILER_GENERATE_SWIFT_ASSET_SYMBOL_EXTENSIONS = YES;
				CLANG_ANALYZER_NONNULL = YES;
				CLANG_ANALYZER_NUMBER_OBJECT_CONVERSION = YES_AGGRESSIVE;
				CLANG_CXX_LANGUAGE_STANDARD = "gnu++20";
				CLANG_ENABLE_MODULES = YES;
				CLANG_ENABLE_OBJC_ARC = YES;
				CLANG_ENABLE_OBJC_WEAK = YES;
				CLANG_WARN_BLOCK_CAPTURE_AUTORELEASING = YES;
				CLANG_WARN_BOOL_CONVERSION = YES;
				CLANG_WARN_COMMA = YES;
				CLANG_WARN_CONSTANT_CONVERSION = YES;
				CLANG_WARN_DEPRECATED_OBJC_IMPLEMENTATIONS = YES;
				CLANG_WARN_DIRECT_OBJC_ISA_USAGE = YES_ERROR;
				CLANG_WARN_DOCUMENTATION_COMMENTS = YES;
				CLANG_WARN_EMPTY_BODY = YES;
				CLANG_WARN_ENUM_CONVERSION = YES;
				CLANG_WARN_INFINITE_RECURSION = YES;
				CLANG_WARN_INT_CONVERSION = YES;
				CLANG_WARN_NON_LITERAL_NULL_CONVERSION = YES;
				CLANG_WARN_OBJC_IMPLICIT_RETAIN_SELF = YES;
				CLANG_WARN_OBJC_LITERAL_CONVERSION = YES;
				CLANG_WARN_OBJC_ROOT_CLASS = YES_ERROR;
				CLANG_WARN_QUOTED_INCLUDE_IN_FRAMEWORK_HEADER = YES;
				CLANG_WARN_RANGE_LOOP_ANALYSIS = YES;
				CLANG_WARN_STRICT_PROTOTYPES = YES;
				CLANG_WARN_SUSPICIOUS_MOVE = YES;
				CLANG_WARN_UNGUARDED_AVAILABILITY = YES_AGGRESSIVE;
				CLANG_WARN_UNREACHABLE_CODE = YES;
				CLANG_WARN__DUPLICATE_METHOD_MATCH = YES;
				COPY_PHASE_STRIP = NO;
				DEBUG_INFORMATION_FORMAT = dwarf;
				ENABLE_STRICT_OBJC_MSGSEND = YES;
				ENABLE_TESTABILITY = YES;
				ENABLE_USER_SCRIPT_SANDBOXING = YES;
				GCC_C_LANGUAGE_STANDARD = gnu17;
				GCC_DYNAMIC_NO_PIC = NO;
				GCC_NO_COMMON_BLOCKS = YES;
				GCC_OPTIMIZATION_LEVEL = 0;
				GCC_PREPROCESSOR_DEFINITIONS = (
					"DEBUG=1",
					"$(inherited)",
				);
				GCC_WARN_64_TO_32_BIT_CONVERSION = YES;
				GCC_WARN_ABOUT_RETURN_TYPE = YES_ERROR;
				GCC_WARN_UNDECLARED_SELECTOR = YES;
				GCC_WARN_UNINITIALIZED_AUTOS = YES_AGGRESSIVE;
				GCC_WARN_UNUSED_FUNCTION = YES;
				GCC_WARN_UNUSED_VARIABLE = YES;
				IPHONEOS_DEPLOYMENT_TARGET = 17.4;
				LOCALIZATION_PREFERS_STRING_CATALOGS = YES;
				MTL_ENABLE_DEBUG_INFO = INCLUDE_SOURCE;
				MTL_FAST_MATH = YES;
				ONLY_ACTIVE_ARCH = YES;
				SDKROOT = iphoneos;
				SWIFT_ACTIVE_COMPILATION_CONDITIONS = "DEBUG $(inherited)";
				SWIFT_OPTIMIZATION_LEVEL = "-Onone";
			};
			name = Debug;
		};
		5DAD719D2BD250DF0075F648 /* Release */ = {
			isa = XCBuildConfiguration;
			buildSettings = {
				ALWAYS_SEARCH_USER_PATHS = NO;
				ASSETCATALOG_COMPILER_GENERATE_SWIFT_ASSET_SYMBOL_EXTENSIONS = YES;
				CLANG_ANALYZER_NONNULL = YES;
				CLANG_ANALYZER_NUMBER_OBJECT_CONVERSION = YES_AGGRESSIVE;
				CLANG_CXX_LANGUAGE_STANDARD = "gnu++20";
				CLANG_ENABLE_MODULES = YES;
				CLANG_ENABLE_OBJC_ARC = YES;
				CLANG_ENABLE_OBJC_WEAK = YES;
				CLANG_WARN_BLOCK_CAPTURE_AUTORELEASING = YES;
				CLANG_WARN_BOOL_CONVERSION = YES;
				CLANG_WARN_COMMA = YES;
				CLANG_WARN_CONSTANT_CONVERSION = YES;
				CLANG_WARN_DEPRECATED_OBJC_IMPLEMENTATIONS = YES;
				CLANG_WARN_DIRECT_OBJC_ISA_USAGE = YES_ERROR;
				CLANG_WARN_DOCUMENTATION_COMMENTS = YES;
				CLANG_WARN_EMPTY_BODY = YES;
				CLANG_WARN_ENUM_CONVERSION = YES;
				CLANG_WARN_INFINITE_RECURSION = YES;
				CLANG_WARN_INT_CONVERSION = YES;
				CLANG_WARN_NON_LITERAL_NULL_CONVERSION = YES;
				CLANG_WARN_OBJC_IMPLICIT_RETAIN_SELF = YES;
				CLANG_WARN_OBJC_LITERAL_CONVERSION = YES;
				CLANG_WARN_OBJC_ROOT_CLASS = YES_ERROR;
				CLANG_WARN_QUOTED_INCLUDE_IN_FRAMEWORK_HEADER = YES;
				CLANG_WARN_RANGE_LOOP_ANALYSIS = YES;
				CLANG_WARN_STRICT_PROTOTYPES = YES;
				CLANG_WARN_SUSPICIOUS_MOVE = YES;
				CLANG_WARN_UNGUARDED_AVAILABILITY = YES_AGGRESSIVE;
				CLANG_WARN_UNREACHABLE_CODE = YES;
				CLANG_WARN__DUPLICATE_METHOD_MATCH = YES;
				COPY_PHASE_STRIP = NO;
				DEBUG_INFORMATION_FORMAT = "dwarf-with-dsym";
				ENABLE_NS_ASSERTIONS = NO;
				ENABLE_STRICT_OBJC_MSGSEND = YES;
				ENABLE_USER_SCRIPT_SANDBOXING = YES;
				GCC_C_LANGUAGE_STANDARD = gnu17;
				GCC_NO_COMMON_BLOCKS = YES;
				GCC_WARN_64_TO_32_BIT_CONVERSION = YES;
				GCC_WARN_ABOUT_RETURN_TYPE = YES_ERROR;
				GCC_WARN_UNDECLARED_SELECTOR = YES;
				GCC_WARN_UNINITIALIZED_AUTOS = YES_AGGRESSIVE;
				GCC_WARN_UNUSED_FUNCTION = YES;
				GCC_WARN_UNUSED_VARIABLE = YES;
				IPHONEOS_DEPLOYMENT_TARGET = 17.4;
				LOCALIZATION_PREFERS_STRING_CATALOGS = YES;
				MTL_ENABLE_DEBUG_INFO = NO;
				MTL_FAST_MATH = YES;
				SDKROOT = iphoneos;
				SWIFT_COMPILATION_MODE = wholemodule;
				VALIDATE_PRODUCT = YES;
			};
			name = Release;
		};
		5DAD719F2BD250DF0075F648 /* Debug */ = {
			isa = XCBuildConfiguration;
			buildSettings = {
				ASSETCATALOG_COMPILER_APPICON_NAME = AppIcon;
				ASSETCATALOG_COMPILER_GLOBAL_ACCENT_COLOR_NAME = AccentColor;
				CODE_SIGN_STYLE = Automatic;
				CURRENT_PROJECT_VERSION = 1;
				DEVELOPMENT_TEAM = N8W395F695;
				GENERATE_INFOPLIST_FILE = YES;
				INFOPLIST_FILE = GovUK/SupportingFiles/Info.plist;
				INFOPLIST_KEY_UIApplicationSupportsIndirectInputEvents = YES;
				INFOPLIST_KEY_UILaunchStoryboardName = LaunchScreen;
				INFOPLIST_KEY_UIMainStoryboardFile = Main;
				INFOPLIST_KEY_UISupportedInterfaceOrientations_iPad = "UIInterfaceOrientationPortrait UIInterfaceOrientationPortraitUpsideDown UIInterfaceOrientationLandscapeLeft UIInterfaceOrientationLandscapeRight";
				INFOPLIST_KEY_UISupportedInterfaceOrientations_iPhone = "UIInterfaceOrientationPortrait UIInterfaceOrientationLandscapeLeft UIInterfaceOrientationLandscapeRight";
				LD_RUNPATH_SEARCH_PATHS = (
					"$(inherited)",
					"@executable_path/Frameworks",
				);
				MARKETING_VERSION = 1.0;
				PRODUCT_BUNDLE_IDENTIFIER = uk.gov.GovUK;
				PRODUCT_NAME = "$(TARGET_NAME)";
				SWIFT_EMIT_LOC_STRINGS = YES;
				SWIFT_VERSION = 5.0;
				TARGETED_DEVICE_FAMILY = "1,2";
			};
			name = Debug;
		};
		5DAD71A02BD250DF0075F648 /* Release */ = {
			isa = XCBuildConfiguration;
			buildSettings = {
				ASSETCATALOG_COMPILER_APPICON_NAME = AppIcon;
				ASSETCATALOG_COMPILER_GLOBAL_ACCENT_COLOR_NAME = AccentColor;
				CODE_SIGN_STYLE = Automatic;
				CURRENT_PROJECT_VERSION = 1;
				DEVELOPMENT_TEAM = N8W395F695;
				GENERATE_INFOPLIST_FILE = YES;
				INFOPLIST_FILE = GovUK/SupportingFiles/Info.plist;
				INFOPLIST_KEY_UIApplicationSupportsIndirectInputEvents = YES;
				INFOPLIST_KEY_UILaunchStoryboardName = LaunchScreen;
				INFOPLIST_KEY_UIMainStoryboardFile = Main;
				INFOPLIST_KEY_UISupportedInterfaceOrientations_iPad = "UIInterfaceOrientationPortrait UIInterfaceOrientationPortraitUpsideDown UIInterfaceOrientationLandscapeLeft UIInterfaceOrientationLandscapeRight";
				INFOPLIST_KEY_UISupportedInterfaceOrientations_iPhone = "UIInterfaceOrientationPortrait UIInterfaceOrientationLandscapeLeft UIInterfaceOrientationLandscapeRight";
				LD_RUNPATH_SEARCH_PATHS = (
					"$(inherited)",
					"@executable_path/Frameworks",
				);
				MARKETING_VERSION = 1.0;
				PRODUCT_BUNDLE_IDENTIFIER = uk.gov.GovUK;
				PRODUCT_NAME = "$(TARGET_NAME)";
				SWIFT_EMIT_LOC_STRINGS = YES;
				SWIFT_VERSION = 5.0;
				TARGETED_DEVICE_FAMILY = "1,2";
			};
			name = Release;
		};
		5DAD71A22BD250DF0075F648 /* Debug */ = {
			isa = XCBuildConfiguration;
			buildSettings = {
				ALWAYS_EMBED_SWIFT_STANDARD_LIBRARIES = YES;
				BUNDLE_LOADER = "$(TEST_HOST)";
				CODE_SIGN_STYLE = Automatic;
				CURRENT_PROJECT_VERSION = 1;
				DEVELOPMENT_TEAM = N8W395F695;
				GENERATE_INFOPLIST_FILE = YES;
				IPHONEOS_DEPLOYMENT_TARGET = 17.4;
				MARKETING_VERSION = 1.0;
				PRODUCT_BUNDLE_IDENTIFIER = uk.gov.GovUKTests;
				PRODUCT_NAME = "$(TARGET_NAME)";
				SWIFT_EMIT_LOC_STRINGS = NO;
				SWIFT_VERSION = 5.0;
				TARGETED_DEVICE_FAMILY = "1,2";
				TEST_HOST = "$(BUILT_PRODUCTS_DIR)/GovUK.app/$(BUNDLE_EXECUTABLE_FOLDER_PATH)/GovUK";
			};
			name = Debug;
		};
		5DAD71A32BD250DF0075F648 /* Release */ = {
			isa = XCBuildConfiguration;
			buildSettings = {
				ALWAYS_EMBED_SWIFT_STANDARD_LIBRARIES = YES;
				BUNDLE_LOADER = "$(TEST_HOST)";
				CODE_SIGN_STYLE = Automatic;
				CURRENT_PROJECT_VERSION = 1;
				DEVELOPMENT_TEAM = N8W395F695;
				GENERATE_INFOPLIST_FILE = YES;
				IPHONEOS_DEPLOYMENT_TARGET = 17.4;
				MARKETING_VERSION = 1.0;
				PRODUCT_BUNDLE_IDENTIFIER = uk.gov.GovUKTests;
				PRODUCT_NAME = "$(TARGET_NAME)";
				SWIFT_EMIT_LOC_STRINGS = NO;
				SWIFT_VERSION = 5.0;
				TARGETED_DEVICE_FAMILY = "1,2";
				TEST_HOST = "$(BUILT_PRODUCTS_DIR)/GovUK.app/$(BUNDLE_EXECUTABLE_FOLDER_PATH)/GovUK";
			};
			name = Release;
		};
		5DAD71A52BD250DF0075F648 /* Debug */ = {
			isa = XCBuildConfiguration;
			buildSettings = {
				ALWAYS_EMBED_SWIFT_STANDARD_LIBRARIES = YES;
				CODE_SIGN_STYLE = Automatic;
				CURRENT_PROJECT_VERSION = 1;
				DEVELOPMENT_TEAM = N8W395F695;
				GENERATE_INFOPLIST_FILE = YES;
				MARKETING_VERSION = 1.0;
				PRODUCT_BUNDLE_IDENTIFIER = uk.gov.GovUKUITests;
				PRODUCT_NAME = "$(TARGET_NAME)";
				SWIFT_EMIT_LOC_STRINGS = NO;
				SWIFT_VERSION = 5.0;
				TARGETED_DEVICE_FAMILY = "1,2";
				TEST_TARGET_NAME = GovUK;
			};
			name = Debug;
		};
		5DAD71A62BD250DF0075F648 /* Release */ = {
			isa = XCBuildConfiguration;
			buildSettings = {
				ALWAYS_EMBED_SWIFT_STANDARD_LIBRARIES = YES;
				CODE_SIGN_STYLE = Automatic;
				CURRENT_PROJECT_VERSION = 1;
				DEVELOPMENT_TEAM = N8W395F695;
				GENERATE_INFOPLIST_FILE = YES;
				MARKETING_VERSION = 1.0;
				PRODUCT_BUNDLE_IDENTIFIER = uk.gov.GovUKUITests;
				PRODUCT_NAME = "$(TARGET_NAME)";
				SWIFT_EMIT_LOC_STRINGS = NO;
				SWIFT_VERSION = 5.0;
				TARGETED_DEVICE_FAMILY = "1,2";
				TEST_TARGET_NAME = GovUK;
			};
			name = Release;
		};
/* End XCBuildConfiguration section */

/* Begin XCConfigurationList section */
		5DAD716F2BD250DA0075F648 /* Build configuration list for PBXProject "GovUK" */ = {
			isa = XCConfigurationList;
			buildConfigurations = (
				5DAD719C2BD250DF0075F648 /* Debug */,
				5DAD719D2BD250DF0075F648 /* Release */,
			);
			defaultConfigurationIsVisible = 0;
			defaultConfigurationName = Release;
		};
		5DAD719E2BD250DF0075F648 /* Build configuration list for PBXNativeTarget "GovUK" */ = {
			isa = XCConfigurationList;
			buildConfigurations = (
				5DAD719F2BD250DF0075F648 /* Debug */,
				5DAD71A02BD250DF0075F648 /* Release */,
			);
			defaultConfigurationIsVisible = 0;
			defaultConfigurationName = Release;
		};
		5DAD71A12BD250DF0075F648 /* Build configuration list for PBXNativeTarget "GovUKTests" */ = {
			isa = XCConfigurationList;
			buildConfigurations = (
				5DAD71A22BD250DF0075F648 /* Debug */,
				5DAD71A32BD250DF0075F648 /* Release */,
			);
			defaultConfigurationIsVisible = 0;
			defaultConfigurationName = Release;
		};
		5DAD71A42BD250DF0075F648 /* Build configuration list for PBXNativeTarget "GovUKUITests" */ = {
			isa = XCConfigurationList;
			buildConfigurations = (
				5DAD71A52BD250DF0075F648 /* Debug */,
				5DAD71A62BD250DF0075F648 /* Release */,
			);
			defaultConfigurationIsVisible = 0;
			defaultConfigurationName = Release;
		};
/* End XCConfigurationList section */
	};
	rootObject = 5DAD716C2BD250DA0075F648 /* Project object */;
}
